{
  "object": {
    "pins": [
      {
        "package": "UICircularProgressRing",
        "repositoryURL": "https://github.com/luispadron/UICircularProgressRing.git",
        "state": {
          "branch": "master",
          "revision": "c1a73e0992683d7525fc4815589c0be1257964dd",
          "version": null
        }
      }
    ]
  },
  "version": 1
}
