// !$*UTF8*$!
{
	archiveVersion = 1;
	classes = {
	};
	objectVersion = 52;
	objects = {

/* Begin PBXBuildFile section */
		0270FCEE060D4B33AA35C1B0 /* TaskInputRouterTests.swift in Sources */ = {isa = PBXBuildFile; fileRef = 4D8893311B35FA10B3CD4E56 /* TaskInputRouterTests.swift */; };
		05BE5317C6B3B6C3081C2919 /* AddTaskRouter.swift in Sources */ = {isa = PBXBuildFile; fileRef = 17668F48CCDDF8F23306FD57 /* AddTaskRouter.swift */; };
		0A79080A4981356A6908510F /* AddTaskRouterTests.swift in Sources */ = {isa = PBXBuildFile; fileRef = CDB5626CF0488460640D40A0 /* AddTaskRouterTests.swift */; };
		0C6F582DC59DC988D21C4AD3 /* AddGoalNameRouterTests.swift in Sources */ = {isa = PBXBuildFile; fileRef = 64E179A17AD5E7B20EC85613 /* AddGoalNameRouterTests.swift */; };
		23FCC9F67139A893CB708D22 /* AddGoalNameRouter.swift in Sources */ = {isa = PBXBuildFile; fileRef = 161C9B9A183D08B58A842F6F /* AddGoalNameRouter.swift */; };
		290B5C4B253F1537009D54B1 /* Resources.xcassets in Resources */ = {isa = PBXBuildFile; fileRef = 290B5C4A253F1537009D54B1 /* Resources.xcassets */; };
		290B5C5625400503009D54B1 /* GoalDetailInteractorOutput.swift in Sources */ = {isa = PBXBuildFile; fileRef = 290B5C5525400503009D54B1 /* GoalDetailInteractorOutput.swift */; };
		291B746A25541C430042DFB3 /* TaskAchievementCircle.swift in Sources */ = {isa = PBXBuildFile; fileRef = 291B746925541C430042DFB3 /* TaskAchievementCircle.swift */; };
		291B746F25541C780042DFB3 /* GoalAchievementCircle.swift in Sources */ = {isa = PBXBuildFile; fileRef = 291B746E25541C780042DFB3 /* GoalAchievementCircle.swift */; };
		291B74892554EA080042DFB3 /* NotificationStore.swift in Sources */ = {isa = PBXBuildFile; fileRef = 291B74882554EA080042DFB3 /* NotificationStore.swift */; };
		291B748F2555766B0042DFB3 /* NotificationStoreTests.swift in Sources */ = {isa = PBXBuildFile; fileRef = 291B748E2555766B0042DFB3 /* NotificationStoreTests.swift */; };
		29248085255C1191003D09CB /* CloudKit.framework in Frameworks */ = {isa = PBXBuildFile; fileRef = 29248084255C1191003D09CB /* CloudKit.framework */; };
		2950D8D325413DED007AC1C9 /* XCAssets+Generated.swift in Sources */ = {isa = PBXBuildFile; fileRef = 2950D8D225413DED007AC1C9 /* XCAssets+Generated.swift */; };
		2954E95A2540561200E89510 /* GoalNavigationController.swift in Sources */ = {isa = PBXBuildFile; fileRef = 2954E9592540561200E89510 /* GoalNavigationController.swift */; };
		2954E9672541251A00E89510 /* Localizable.strings in Resources */ = {isa = PBXBuildFile; fileRef = 2954E9692541251A00E89510 /* Localizable.strings */; };
		2955280F253E76D9009AFE97 /* PersistentContainerProvider.swift in Sources */ = {isa = PBXBuildFile; fileRef = 2955280E253E76D9009AFE97 /* PersistentContainerProvider.swift */; };
		29552819253E779C009AFE97 /* GoalServicer.swift in Sources */ = {isa = PBXBuildFile; fileRef = 29552818253E779C009AFE97 /* GoalServicer.swift */; };
		29552828253E8052009AFE97 /* TemporaryGoal.swift in Sources */ = {isa = PBXBuildFile; fileRef = 29552827253E8052009AFE97 /* TemporaryGoal.swift */; };
		2959D0672549673800A3DC28 /* AddTaskInteractor.swift in Sources */ = {isa = PBXBuildFile; fileRef = 2959D0662549673800A3DC28 /* AddTaskInteractor.swift */; };
		2959D06C2549679500A3DC28 /* AddTaskInteractorOutput.swift in Sources */ = {isa = PBXBuildFile; fileRef = 2959D06B2549679500A3DC28 /* AddTaskInteractorOutput.swift */; };
		2959D094254A652000A3DC28 /* Constraints.swift in Sources */ = {isa = PBXBuildFile; fileRef = 2959D093254A652000A3DC28 /* Constraints.swift */; };
		2959D09C254A7C2700A3DC28 /* AddGoalNavigationController.swift in Sources */ = {isa = PBXBuildFile; fileRef = 2959D09B254A7C2700A3DC28 /* AddGoalNavigationController.swift */; };
		2959D0A1254A83DC00A3DC28 /* GoalListRouterOutput.swift in Sources */ = {isa = PBXBuildFile; fileRef = 2959D0A0254A83DC00A3DC28 /* GoalListRouterOutput.swift */; };
		2959D0BC254A985C00A3DC28 /* AddTaskViewController.storyboard in Resources */ = {isa = PBXBuildFile; fileRef = 2959D0BE254A985C00A3DC28 /* AddTaskViewController.storyboard */; };
		295B39C32558CE9400A21E21 /* EditTaskViewController.storyboard in Resources */ = {isa = PBXBuildFile; fileRef = 295B39C52558CE9400A21E21 /* EditTaskViewController.storyboard */; };
		296412442552404D00CA732A /* EditTaskPresenterOutput.swift in Sources */ = {isa = PBXBuildFile; fileRef = 296412432552404D00CA732A /* EditTaskPresenterOutput.swift */; };
		297795DC254842B000AD7E2D /* AddTaskCell.swift in Sources */ = {isa = PBXBuildFile; fileRef = 297795DB254842B000AD7E2D /* AddTaskCell.swift */; };
		29833775254140F7001CB8D9 /* Strings+Generated.swift in Sources */ = {isa = PBXBuildFile; fileRef = 29833773254140F7001CB8D9 /* Strings+Generated.swift */; };
		298337BF2541B845001CB8D9 /* MockGoalService.swift in Sources */ = {isa = PBXBuildFile; fileRef = 298337BE2541B845001CB8D9 /* MockGoalService.swift */; };
		298337D82542AAC7001CB8D9 /* HGCircularSlider in Frameworks */ = {isa = PBXBuildFile; productRef = 298337D72542AAC7001CB8D9 /* HGCircularSlider */; };
		298337DE25441173001CB8D9 /* TaskView.swift in Sources */ = {isa = PBXBuildFile; fileRef = 298337DD25441173001CB8D9 /* TaskView.swift */; };
		298337E325441188001CB8D9 /* TaskView.xib in Resources */ = {isa = PBXBuildFile; fileRef = 298337E225441188001CB8D9 /* TaskView.xib */; };
		29976052253D96A000CDD568 /* AppDelegate.swift in Sources */ = {isa = PBXBuildFile; fileRef = 29976051253D96A000CDD568 /* AppDelegate.swift */; };
		29976054253D96A000CDD568 /* SceneDelegate.swift in Sources */ = {isa = PBXBuildFile; fileRef = 29976053253D96A000CDD568 /* SceneDelegate.swift */; };
		2997605E253D96A200CDD568 /* Assets.xcassets in Resources */ = {isa = PBXBuildFile; fileRef = 2997605D253D96A200CDD568 /* Assets.xcassets */; };
		29976061253D96A200CDD568 /* LaunchScreen.storyboard in Resources */ = {isa = PBXBuildFile; fileRef = 2997605F253D96A200CDD568 /* LaunchScreen.storyboard */; };
		2997606C253D96A200CDD568 /* OdysseiaTests.swift in Sources */ = {isa = PBXBuildFile; fileRef = 2997606B253D96A200CDD568 /* OdysseiaTests.swift */; };
		29976077253D96A200CDD568 /* OdysseiaUITests.swift in Sources */ = {isa = PBXBuildFile; fileRef = 29976076253D96A200CDD568 /* OdysseiaUITests.swift */; };
		29976097253D96E300CDD568 /* GoalListPresenter.swift in Sources */ = {isa = PBXBuildFile; fileRef = 2997608D253D96E300CDD568 /* GoalListPresenter.swift */; };
		29976098253D96E300CDD568 /* GoalListViewController.swift in Sources */ = {isa = PBXBuildFile; fileRef = 2997608F253D96E300CDD568 /* GoalListViewController.swift */; };
		29976099253D96E300CDD568 /* GoalListViewController.storyboard in Resources */ = {isa = PBXBuildFile; fileRef = 29976090253D96E300CDD568 /* GoalListViewController.storyboard */; };
		2997609A253D96E300CDD568 /* GoalListInteractor.swift in Sources */ = {isa = PBXBuildFile; fileRef = 29976092253D96E300CDD568 /* GoalListInteractor.swift */; };
		2997609B253D96E300CDD568 /* GoalListInteractorOutput.swift in Sources */ = {isa = PBXBuildFile; fileRef = 29976094253D96E300CDD568 /* GoalListInteractorOutput.swift */; };
		2997609C253D96E300CDD568 /* GoalListRouter.swift in Sources */ = {isa = PBXBuildFile; fileRef = 29976096253D96E300CDD568 /* GoalListRouter.swift */; };
		299760A2253D96F900CDD568 /* Extension.swift in Sources */ = {isa = PBXBuildFile; fileRef = 299760A1253D96F900CDD568 /* Extension.swift */; };
		299D7614253EB841006985FD /* GoalListCollectionCell.swift in Sources */ = {isa = PBXBuildFile; fileRef = 299D7613253EB841006985FD /* GoalListCollectionCell.swift */; };
		299D761B253ECC57006985FD /* GoalDetailViewController.swift in Sources */ = {isa = PBXBuildFile; fileRef = 299D761A253ECC57006985FD /* GoalDetailViewController.swift */; };
		299D7626253ECD4C006985FD /* GoalDetailPresenter.swift in Sources */ = {isa = PBXBuildFile; fileRef = 299D7625253ECD4C006985FD /* GoalDetailPresenter.swift */; };
		299D762C253ECDF8006985FD /* GoalDetailInteractor.swift in Sources */ = {isa = PBXBuildFile; fileRef = 299D762B253ECDF8006985FD /* GoalDetailInteractor.swift */; };
		299D763E253ED49F006985FD /* GoalDetailRouter.swift in Sources */ = {isa = PBXBuildFile; fileRef = 299D763D253ED49F006985FD /* GoalDetailRouter.swift */; };
		299D764E253EDBC3006985FD /* EditGoalViewController.swift in Sources */ = {isa = PBXBuildFile; fileRef = 299D764D253EDBC3006985FD /* EditGoalViewController.swift */; };
		299D7656253EDBD1006985FD /* EditGoalViewController.storyboard in Resources */ = {isa = PBXBuildFile; fileRef = 299D7655253EDBD1006985FD /* EditGoalViewController.storyboard */; };
		299D765B253EDC31006985FD /* EditGoalPresenter.swift in Sources */ = {isa = PBXBuildFile; fileRef = 299D765A253EDC31006985FD /* EditGoalPresenter.swift */; };
		299D7660253EDC81006985FD /* EditGoalInteractor.swift in Sources */ = {isa = PBXBuildFile; fileRef = 299D765F253EDC81006985FD /* EditGoalInteractor.swift */; };
		299D7666253EDCB1006985FD /* EditGoalInteractorOutput.swift in Sources */ = {isa = PBXBuildFile; fileRef = 299D7665253EDCB1006985FD /* EditGoalInteractorOutput.swift */; };
		299D766E253EDCE7006985FD /* EditGoalRouter.swift in Sources */ = {isa = PBXBuildFile; fileRef = 299D766D253EDCE7006985FD /* EditGoalRouter.swift */; };
		29A248E4255A7130005E6230 /* TaskInputPresenterOutput.swift in Sources */ = {isa = PBXBuildFile; fileRef = 29A248E3255A7130005E6230 /* TaskInputPresenterOutput.swift */; };
		29A248EE255A7EFD005E6230 /* TaskInputViewController.storyboard in Resources */ = {isa = PBXBuildFile; fileRef = 29A248F0255A7EFD005E6230 /* TaskInputViewController.storyboard */; };
		29A24901255A85E8005E6230 /* AddGoalNameViewController.storyboard in Resources */ = {isa = PBXBuildFile; fileRef = 29A24903255A85E8005E6230 /* AddGoalNameViewController.storyboard */; };
		29A2490E255A8B51005E6230 /* GoalDetailViewController.storyboard in Resources */ = {isa = PBXBuildFile; fileRef = 29A24910255A8B51005E6230 /* GoalDetailViewController.storyboard */; };
		29B13479253D97E800C273F1 /* Goal.xcdatamodeld in Sources */ = {isa = PBXBuildFile; fileRef = 29B13477253D97E800C273F1 /* Goal.xcdatamodeld */; };
		29D67F8C254C073C00A6E396 /* Task+CoreDataProperties.swift in Sources */ = {isa = PBXBuildFile; fileRef = 29D67F88254C073C00A6E396 /* Task+CoreDataProperties.swift */; };
		29D67F8D254C073C00A6E396 /* Goal+CoreDataClass.swift in Sources */ = {isa = PBXBuildFile; fileRef = 29D67F89254C073C00A6E396 /* Goal+CoreDataClass.swift */; };
		29D67F8E254C073C00A6E396 /* Goal+CoreDataProperties.swift in Sources */ = {isa = PBXBuildFile; fileRef = 29D67F8A254C073C00A6E396 /* Goal+CoreDataProperties.swift */; };
		29D67F8F254C073C00A6E396 /* Task+CoreDataClass.swift in Sources */ = {isa = PBXBuildFile; fileRef = 29D67F8B254C073C00A6E396 /* Task+CoreDataClass.swift */; };
		29EF3687255A1DA000E0E669 /* StarView.swift in Sources */ = {isa = PBXBuildFile; fileRef = 29EF3683255A1D9F00E0E669 /* StarView.swift */; };
		29EF3688255A1DA000E0E669 /* StarsParticles.scnp in Resources */ = {isa = PBXBuildFile; fileRef = 29EF3684255A1DA000E0E669 /* StarsParticles.scnp */; };
		29EF3689255A1DA000E0E669 /* ConfettiView.swift in Sources */ = {isa = PBXBuildFile; fileRef = 29EF3686255A1DA000E0E669 /* ConfettiView.swift */; };
		29EF3691255A3A3E00E0E669 /* SceneKit.scnassets in Resources */ = {isa = PBXBuildFile; fileRef = 29EF3690255A3A3E00E0E669 /* SceneKit.scnassets */; };
		29FB841D2548EBFB00E0B387 /* TemporaryTask.swift in Sources */ = {isa = PBXBuildFile; fileRef = 29FB841C2548EBFB00E0B387 /* TemporaryTask.swift */; };
		2F3587798FAB07973F6E22CB /* EditTaskPresenterTests.swift in Sources */ = {isa = PBXBuildFile; fileRef = A76463B4AD0A46E2F1913A87 /* EditTaskPresenterTests.swift */; };
		48B6AAEFC42729ED38C7AF39 /* TaskInputRouter.swift in Sources */ = {isa = PBXBuildFile; fileRef = B17D6E425673CFDB6476154D /* TaskInputRouter.swift */; };
		48B9A742B2FA5E76B99AB363 /* TaskInputPresenter.swift in Sources */ = {isa = PBXBuildFile; fileRef = AC3D4A7C52882A9FE01F27D0 /* TaskInputPresenter.swift */; };
		5433577822706E6E4D26A1CA /* EditTaskRouter.swift in Sources */ = {isa = PBXBuildFile; fileRef = 6D24B0DEE5E333B843DB2019 /* EditTaskRouter.swift */; };
		6D7BE93F484F6C828383932B /* AddTaskPresenterTests.swift in Sources */ = {isa = PBXBuildFile; fileRef = 10EF44790FF187FBDE676E6C /* AddTaskPresenterTests.swift */; };
		716CB1F008A9E38BE9366A7F /* EditTaskViewTests.swift in Sources */ = {isa = PBXBuildFile; fileRef = 772246A719E6AA22508BC264 /* EditTaskViewTests.swift */; };
		7D369C583E63A05C23D18E29 /* AddGoalNameViewTests.swift in Sources */ = {isa = PBXBuildFile; fileRef = 8FD4ED7E3300B66D728FE889 /* AddGoalNameViewTests.swift */; };
		7D5782F4FF379C023F0EB819 /* AddTaskInteractorTests.swift in Sources */ = {isa = PBXBuildFile; fileRef = 9EC5633E6B73A8B80A9AF1B2 /* AddTaskInteractorTests.swift */; };
		80C64535500523EA4188D8C0 /* TaskInputViewController.swift in Sources */ = {isa = PBXBuildFile; fileRef = 414A1AC467D748C5DAB839B5 /* TaskInputViewController.swift */; };
		8276F3B044165564D9EA940D /* EditTaskInteractorTests.swift in Sources */ = {isa = PBXBuildFile; fileRef = 8E6B70505EAE2815B54CDF35 /* EditTaskInteractorTests.swift */; };
		912C0E341BB3295DC5F8AA1B /* AddTaskViewTests.swift in Sources */ = {isa = PBXBuildFile; fileRef = BD6C9C45CD6FBED72AF5954F /* AddTaskViewTests.swift */; };
		A15496138B32027A29C88ED0 /* EditTaskPresenter.swift in Sources */ = {isa = PBXBuildFile; fileRef = B92799FDBA86D0E1B90A00F4 /* EditTaskPresenter.swift */; };
		A6C7FA0C899BC78349C8D297 /* EditTaskInteractor.swift in Sources */ = {isa = PBXBuildFile; fileRef = 49C0672D1D36D9B54A1AEF7E /* EditTaskInteractor.swift */; };
		B396BC7E75984A86F2A84969 /* AddTaskViewController.swift in Sources */ = {isa = PBXBuildFile; fileRef = 794871EE74CF19196C409A51 /* AddTaskViewController.swift */; };
		C4B155383D956F46C39C6D3D /* AddGoalNameViewController.swift in Sources */ = {isa = PBXBuildFile; fileRef = 06A7874279CFBED32B6383E6 /* AddGoalNameViewController.swift */; };
		CB3077A286FA70EC5C8501C1 /* TaskInputViewTests.swift in Sources */ = {isa = PBXBuildFile; fileRef = B35798BAA945F0E06AB25747 /* TaskInputViewTests.swift */; };
		D186C9C46FFAF32C32919C6E /* EditTaskRouterTests.swift in Sources */ = {isa = PBXBuildFile; fileRef = ED0EE8220CA42F3F7B6AC356 /* EditTaskRouterTests.swift */; };
		D4391EAE8E92214833C98C20 /* EditTaskViewController.swift in Sources */ = {isa = PBXBuildFile; fileRef = 6430410713F76BC9E6A19F1B /* EditTaskViewController.swift */; };
		DD609C2F2A50F5D45DD13B07 /* TaskInputPresenterTests.swift in Sources */ = {isa = PBXBuildFile; fileRef = 289974CC5E5A9310DB4A387A /* TaskInputPresenterTests.swift */; };
		E7C051535EA73A14AA0624A2 /* AddGoalNamePresenterTests.swift in Sources */ = {isa = PBXBuildFile; fileRef = 925D4AA7044F4DA87AF47437 /* AddGoalNamePresenterTests.swift */; };
		F03277B2A7935E5EE21703EE /* AddTaskPresenter.swift in Sources */ = {isa = PBXBuildFile; fileRef = 6F45DC0B51C7F550CA4798D8 /* AddTaskPresenter.swift */; };
		F90E7D81DE7987F0F077D31F /* AddGoalNamePresenter.swift in Sources */ = {isa = PBXBuildFile; fileRef = DD23B7AE9ED9C8E2FC06E5BA /* AddGoalNamePresenter.swift */; };
		FE37061BF901EBB78B547BDE /* EditTaskInteractorOutput.swift in Sources */ = {isa = PBXBuildFile; fileRef = BADC81CD3D74368FAF6C69AA /* EditTaskInteractorOutput.swift */; };
/* End PBXBuildFile section */

/* Begin PBXContainerItemProxy section */
		29976068253D96A200CDD568 /* PBXContainerItemProxy */ = {
			isa = PBXContainerItemProxy;
			containerPortal = 29976046253D96A000CDD568 /* Project object */;
			proxyType = 1;
			remoteGlobalIDString = 2997604D253D96A000CDD568;
			remoteInfo = Goal;
		};
		29976073253D96A200CDD568 /* PBXContainerItemProxy */ = {
			isa = PBXContainerItemProxy;
			containerPortal = 29976046253D96A000CDD568 /* Project object */;
			proxyType = 1;
			remoteGlobalIDString = 2997604D253D96A000CDD568;
			remoteInfo = Goal;
		};
/* End PBXContainerItemProxy section */

/* Begin PBXFileReference section */
		06A7874279CFBED32B6383E6 /* AddGoalNameViewController.swift */ = {isa = PBXFileReference; includeInIndex = 1; lastKnownFileType = sourcecode.swift; path = AddGoalNameViewController.swift; sourceTree = "<group>"; };
		10EF44790FF187FBDE676E6C /* AddTaskPresenterTests.swift */ = {isa = PBXFileReference; includeInIndex = 1; lastKnownFileType = sourcecode.swift; path = AddTaskPresenterTests.swift; sourceTree = "<group>"; };
		161C9B9A183D08B58A842F6F /* AddGoalNameRouter.swift */ = {isa = PBXFileReference; includeInIndex = 1; lastKnownFileType = sourcecode.swift; path = AddGoalNameRouter.swift; sourceTree = "<group>"; };
		17668F48CCDDF8F23306FD57 /* AddTaskRouter.swift */ = {isa = PBXFileReference; includeInIndex = 1; lastKnownFileType = sourcecode.swift; path = AddTaskRouter.swift; sourceTree = "<group>"; };
		289974CC5E5A9310DB4A387A /* TaskInputPresenterTests.swift */ = {isa = PBXFileReference; includeInIndex = 1; lastKnownFileType = sourcecode.swift; path = TaskInputPresenterTests.swift; sourceTree = "<group>"; };
		290B5C4A253F1537009D54B1 /* Resources.xcassets */ = {isa = PBXFileReference; lastKnownFileType = folder.assetcatalog; path = Resources.xcassets; sourceTree = "<group>"; };
		290B5C5525400503009D54B1 /* GoalDetailInteractorOutput.swift */ = {isa = PBXFileReference; lastKnownFileType = sourcecode.swift; path = GoalDetailInteractorOutput.swift; sourceTree = "<group>"; };
		291B746925541C430042DFB3 /* TaskAchievementCircle.swift */ = {isa = PBXFileReference; lastKnownFileType = sourcecode.swift; path = TaskAchievementCircle.swift; sourceTree = "<group>"; };
		291B746E25541C780042DFB3 /* GoalAchievementCircle.swift */ = {isa = PBXFileReference; lastKnownFileType = sourcecode.swift; path = GoalAchievementCircle.swift; sourceTree = "<group>"; };
		291B74882554EA080042DFB3 /* NotificationStore.swift */ = {isa = PBXFileReference; lastKnownFileType = sourcecode.swift; path = NotificationStore.swift; sourceTree = "<group>"; };
		291B748E2555766B0042DFB3 /* NotificationStoreTests.swift */ = {isa = PBXFileReference; lastKnownFileType = sourcecode.swift; path = NotificationStoreTests.swift; sourceTree = "<group>"; };
		2924807F255C1188003D09CB /* Odysseia.entitlements */ = {isa = PBXFileReference; lastKnownFileType = text.plist.entitlements; path = Odysseia.entitlements; sourceTree = "<group>"; };
		29248084255C1191003D09CB /* CloudKit.framework */ = {isa = PBXFileReference; lastKnownFileType = wrapper.framework; name = CloudKit.framework; path = System/Library/Frameworks/CloudKit.framework; sourceTree = SDKROOT; };
		2950D8D225413DED007AC1C9 /* XCAssets+Generated.swift */ = {isa = PBXFileReference; fileEncoding = 4; lastKnownFileType = sourcecode.swift; path = "XCAssets+Generated.swift"; sourceTree = "<group>"; };
		2954E9592540561200E89510 /* GoalNavigationController.swift */ = {isa = PBXFileReference; lastKnownFileType = sourcecode.swift; path = GoalNavigationController.swift; sourceTree = "<group>"; };
		2954E9682541251A00E89510 /* en */ = {isa = PBXFileReference; lastKnownFileType = text.plist.strings; name = en; path = en.lproj/Localizable.strings; sourceTree = "<group>"; };
		2954E96D254125C600E89510 /* ja */ = {isa = PBXFileReference; lastKnownFileType = text.plist.strings; name = ja; path = ja.lproj/LaunchScreen.strings; sourceTree = "<group>"; };
		2954E96E254125C700E89510 /* ja */ = {isa = PBXFileReference; lastKnownFileType = text.plist.strings; name = ja; path = ja.lproj/Localizable.strings; sourceTree = "<group>"; };
		2955280E253E76D9009AFE97 /* PersistentContainerProvider.swift */ = {isa = PBXFileReference; lastKnownFileType = sourcecode.swift; path = PersistentContainerProvider.swift; sourceTree = "<group>"; };
		29552818253E779C009AFE97 /* GoalServicer.swift */ = {isa = PBXFileReference; lastKnownFileType = sourcecode.swift; path = GoalServicer.swift; sourceTree = "<group>"; };
		29552827253E8052009AFE97 /* TemporaryGoal.swift */ = {isa = PBXFileReference; lastKnownFileType = sourcecode.swift; path = TemporaryGoal.swift; sourceTree = "<group>"; };
		2959D0662549673800A3DC28 /* AddTaskInteractor.swift */ = {isa = PBXFileReference; lastKnownFileType = sourcecode.swift; path = AddTaskInteractor.swift; sourceTree = "<group>"; };
		2959D06B2549679500A3DC28 /* AddTaskInteractorOutput.swift */ = {isa = PBXFileReference; lastKnownFileType = sourcecode.swift; path = AddTaskInteractorOutput.swift; sourceTree = "<group>"; };
		2959D093254A652000A3DC28 /* Constraints.swift */ = {isa = PBXFileReference; lastKnownFileType = sourcecode.swift; path = Constraints.swift; sourceTree = "<group>"; };
		2959D09B254A7C2700A3DC28 /* AddGoalNavigationController.swift */ = {isa = PBXFileReference; lastKnownFileType = sourcecode.swift; path = AddGoalNavigationController.swift; sourceTree = "<group>"; };
		2959D0A0254A83DC00A3DC28 /* GoalListRouterOutput.swift */ = {isa = PBXFileReference; lastKnownFileType = sourcecode.swift; path = GoalListRouterOutput.swift; sourceTree = "<group>"; };
		2959D0BD254A985C00A3DC28 /* Base */ = {isa = PBXFileReference; lastKnownFileType = file.storyboard; name = Base; path = Base.lproj/AddTaskViewController.storyboard; sourceTree = "<group>"; };
		2959D0C3254A986000A3DC28 /* en */ = {isa = PBXFileReference; lastKnownFileType = text.plist.strings; name = en; path = en.lproj/AddTaskViewController.strings; sourceTree = "<group>"; };
		2959D0C5254A986200A3DC28 /* ja */ = {isa = PBXFileReference; lastKnownFileType = text.plist.strings; name = ja; path = ja.lproj/AddTaskViewController.strings; sourceTree = "<group>"; };
		295B39C42558CE9400A21E21 /* Base */ = {isa = PBXFileReference; lastKnownFileType = file.storyboard; name = Base; path = Base.lproj/EditTaskViewController.storyboard; sourceTree = "<group>"; };
		295B39CA2558CE9900A21E21 /* en */ = {isa = PBXFileReference; lastKnownFileType = text.plist.strings; name = en; path = en.lproj/EditTaskViewController.strings; sourceTree = "<group>"; };
		295B39CC2558CE9E00A21E21 /* ja */ = {isa = PBXFileReference; lastKnownFileType = text.plist.strings; name = ja; path = ja.lproj/EditTaskViewController.strings; sourceTree = "<group>"; };
		296412432552404D00CA732A /* EditTaskPresenterOutput.swift */ = {isa = PBXFileReference; lastKnownFileType = sourcecode.swift; path = EditTaskPresenterOutput.swift; sourceTree = "<group>"; };
		297795DB254842B000AD7E2D /* AddTaskCell.swift */ = {isa = PBXFileReference; lastKnownFileType = sourcecode.swift; path = AddTaskCell.swift; sourceTree = "<group>"; };
		29833773254140F7001CB8D9 /* Strings+Generated.swift */ = {isa = PBXFileReference; fileEncoding = 4; lastKnownFileType = sourcecode.swift; path = "Strings+Generated.swift"; sourceTree = "<group>"; };
		298337BE2541B845001CB8D9 /* MockGoalService.swift */ = {isa = PBXFileReference; lastKnownFileType = sourcecode.swift; path = MockGoalService.swift; sourceTree = "<group>"; };
		298337DD25441173001CB8D9 /* TaskView.swift */ = {isa = PBXFileReference; lastKnownFileType = sourcecode.swift; path = TaskView.swift; sourceTree = "<group>"; };
		298337E225441188001CB8D9 /* TaskView.xib */ = {isa = PBXFileReference; lastKnownFileType = file.xib; path = TaskView.xib; sourceTree = "<group>"; };
		2997604E253D96A000CDD568 /* Odysseia.app */ = {isa = PBXFileReference; explicitFileType = wrapper.application; includeInIndex = 0; path = Odysseia.app; sourceTree = BUILT_PRODUCTS_DIR; };
		29976051253D96A000CDD568 /* AppDelegate.swift */ = {isa = PBXFileReference; lastKnownFileType = sourcecode.swift; path = AppDelegate.swift; sourceTree = "<group>"; };
		29976053253D96A000CDD568 /* SceneDelegate.swift */ = {isa = PBXFileReference; lastKnownFileType = sourcecode.swift; path = SceneDelegate.swift; sourceTree = "<group>"; };
		2997605D253D96A200CDD568 /* Assets.xcassets */ = {isa = PBXFileReference; lastKnownFileType = folder.assetcatalog; path = Assets.xcassets; sourceTree = "<group>"; };
		29976060253D96A200CDD568 /* Base */ = {isa = PBXFileReference; lastKnownFileType = file.storyboard; name = Base; path = Base.lproj/LaunchScreen.storyboard; sourceTree = "<group>"; };
		29976062253D96A200CDD568 /* Info.plist */ = {isa = PBXFileReference; lastKnownFileType = text.plist.xml; path = Info.plist; sourceTree = "<group>"; };
		29976067253D96A200CDD568 /* OdysseiaTests.xctest */ = {isa = PBXFileReference; explicitFileType = wrapper.cfbundle; includeInIndex = 0; path = OdysseiaTests.xctest; sourceTree = BUILT_PRODUCTS_DIR; };
		2997606B253D96A200CDD568 /* OdysseiaTests.swift */ = {isa = PBXFileReference; lastKnownFileType = sourcecode.swift; path = OdysseiaTests.swift; sourceTree = "<group>"; };
		2997606D253D96A200CDD568 /* Info.plist */ = {isa = PBXFileReference; lastKnownFileType = text.plist.xml; path = Info.plist; sourceTree = "<group>"; };
		29976072253D96A200CDD568 /* OdysseiaUITests.xctest */ = {isa = PBXFileReference; explicitFileType = wrapper.cfbundle; includeInIndex = 0; path = OdysseiaUITests.xctest; sourceTree = BUILT_PRODUCTS_DIR; };
		29976076253D96A200CDD568 /* OdysseiaUITests.swift */ = {isa = PBXFileReference; lastKnownFileType = sourcecode.swift; path = OdysseiaUITests.swift; sourceTree = "<group>"; };
		29976078253D96A200CDD568 /* Info.plist */ = {isa = PBXFileReference; lastKnownFileType = text.plist.xml; path = Info.plist; sourceTree = "<group>"; };
		2997608D253D96E300CDD568 /* GoalListPresenter.swift */ = {isa = PBXFileReference; fileEncoding = 4; lastKnownFileType = sourcecode.swift; path = GoalListPresenter.swift; sourceTree = "<group>"; };
		2997608F253D96E300CDD568 /* GoalListViewController.swift */ = {isa = PBXFileReference; fileEncoding = 4; lastKnownFileType = sourcecode.swift; path = GoalListViewController.swift; sourceTree = "<group>"; };
		29976090253D96E300CDD568 /* GoalListViewController.storyboard */ = {isa = PBXFileReference; fileEncoding = 4; lastKnownFileType = file.storyboard; path = GoalListViewController.storyboard; sourceTree = "<group>"; };
		29976092253D96E300CDD568 /* GoalListInteractor.swift */ = {isa = PBXFileReference; fileEncoding = 4; lastKnownFileType = sourcecode.swift; path = GoalListInteractor.swift; sourceTree = "<group>"; };
		29976094253D96E300CDD568 /* GoalListInteractorOutput.swift */ = {isa = PBXFileReference; fileEncoding = 4; lastKnownFileType = sourcecode.swift; path = GoalListInteractorOutput.swift; sourceTree = "<group>"; };
		29976096253D96E300CDD568 /* GoalListRouter.swift */ = {isa = PBXFileReference; fileEncoding = 4; lastKnownFileType = sourcecode.swift; path = GoalListRouter.swift; sourceTree = "<group>"; };
		299760A1253D96F900CDD568 /* Extension.swift */ = {isa = PBXFileReference; lastKnownFileType = sourcecode.swift; path = Extension.swift; sourceTree = "<group>"; };
		299D7613253EB841006985FD /* GoalListCollectionCell.swift */ = {isa = PBXFileReference; lastKnownFileType = sourcecode.swift; path = GoalListCollectionCell.swift; sourceTree = "<group>"; };
		299D761A253ECC57006985FD /* GoalDetailViewController.swift */ = {isa = PBXFileReference; lastKnownFileType = sourcecode.swift; path = GoalDetailViewController.swift; sourceTree = "<group>"; };
		299D7625253ECD4C006985FD /* GoalDetailPresenter.swift */ = {isa = PBXFileReference; lastKnownFileType = sourcecode.swift; path = GoalDetailPresenter.swift; sourceTree = "<group>"; };
		299D762B253ECDF8006985FD /* GoalDetailInteractor.swift */ = {isa = PBXFileReference; lastKnownFileType = sourcecode.swift; path = GoalDetailInteractor.swift; sourceTree = "<group>"; };
		299D763D253ED49F006985FD /* GoalDetailRouter.swift */ = {isa = PBXFileReference; lastKnownFileType = sourcecode.swift; path = GoalDetailRouter.swift; sourceTree = "<group>"; };
		299D764D253EDBC3006985FD /* EditGoalViewController.swift */ = {isa = PBXFileReference; lastKnownFileType = sourcecode.swift; path = EditGoalViewController.swift; sourceTree = "<group>"; };
		299D7655253EDBD1006985FD /* EditGoalViewController.storyboard */ = {isa = PBXFileReference; lastKnownFileType = file.storyboard; path = EditGoalViewController.storyboard; sourceTree = "<group>"; };
		299D765A253EDC31006985FD /* EditGoalPresenter.swift */ = {isa = PBXFileReference; lastKnownFileType = sourcecode.swift; path = EditGoalPresenter.swift; sourceTree = "<group>"; };
		299D765F253EDC81006985FD /* EditGoalInteractor.swift */ = {isa = PBXFileReference; lastKnownFileType = sourcecode.swift; path = EditGoalInteractor.swift; sourceTree = "<group>"; };
		299D7665253EDCB1006985FD /* EditGoalInteractorOutput.swift */ = {isa = PBXFileReference; lastKnownFileType = sourcecode.swift; path = EditGoalInteractorOutput.swift; sourceTree = "<group>"; };
		299D766D253EDCE7006985FD /* EditGoalRouter.swift */ = {isa = PBXFileReference; lastKnownFileType = sourcecode.swift; path = EditGoalRouter.swift; sourceTree = "<group>"; };
		29A248E3255A7130005E6230 /* TaskInputPresenterOutput.swift */ = {isa = PBXFileReference; lastKnownFileType = sourcecode.swift; path = TaskInputPresenterOutput.swift; sourceTree = "<group>"; };
		29A248EF255A7EFD005E6230 /* Base */ = {isa = PBXFileReference; lastKnownFileType = file.storyboard; name = Base; path = Base.lproj/TaskInputViewController.storyboard; sourceTree = "<group>"; };
		29A248F8255A7EFF005E6230 /* en */ = {isa = PBXFileReference; lastKnownFileType = text.plist.strings; name = en; path = en.lproj/TaskInputViewController.strings; sourceTree = "<group>"; };
		29A248FD255A7F01005E6230 /* ja */ = {isa = PBXFileReference; lastKnownFileType = text.plist.strings; name = ja; path = ja.lproj/TaskInputViewController.strings; sourceTree = "<group>"; };
		29A24902255A85E8005E6230 /* Base */ = {isa = PBXFileReference; lastKnownFileType = file.storyboard; name = Base; path = Base.lproj/AddGoalNameViewController.storyboard; sourceTree = "<group>"; };
		29A24908255A85ED005E6230 /* en */ = {isa = PBXFileReference; lastKnownFileType = text.plist.strings; name = en; path = en.lproj/AddGoalNameViewController.strings; sourceTree = "<group>"; };
		29A2490A255A85EF005E6230 /* ja */ = {isa = PBXFileReference; lastKnownFileType = text.plist.strings; name = ja; path = ja.lproj/AddGoalNameViewController.strings; sourceTree = "<group>"; };
		29A2490F255A8B51005E6230 /* Base */ = {isa = PBXFileReference; lastKnownFileType = file.storyboard; name = Base; path = Base.lproj/GoalDetailViewController.storyboard; sourceTree = "<group>"; };
		29A24915255A8B57005E6230 /* en */ = {isa = PBXFileReference; lastKnownFileType = text.plist.strings; name = en; path = en.lproj/GoalDetailViewController.strings; sourceTree = "<group>"; };
		29A24917255A8B86005E6230 /* ja */ = {isa = PBXFileReference; lastKnownFileType = text.plist.strings; name = ja; path = ja.lproj/GoalDetailViewController.strings; sourceTree = "<group>"; };
		29B13478253D97E800C273F1 /* Goal.xcdatamodel */ = {isa = PBXFileReference; lastKnownFileType = wrapper.xcdatamodel; path = Goal.xcdatamodel; sourceTree = "<group>"; };
		29D67F88254C073C00A6E396 /* Task+CoreDataProperties.swift */ = {isa = PBXFileReference; fileEncoding = 4; lastKnownFileType = sourcecode.swift; path = "Task+CoreDataProperties.swift"; sourceTree = "<group>"; };
		29D67F89254C073C00A6E396 /* Goal+CoreDataClass.swift */ = {isa = PBXFileReference; fileEncoding = 4; lastKnownFileType = sourcecode.swift; path = "Goal+CoreDataClass.swift"; sourceTree = "<group>"; };
		29D67F8A254C073C00A6E396 /* Goal+CoreDataProperties.swift */ = {isa = PBXFileReference; fileEncoding = 4; lastKnownFileType = sourcecode.swift; path = "Goal+CoreDataProperties.swift"; sourceTree = "<group>"; };
		29D67F8B254C073C00A6E396 /* Task+CoreDataClass.swift */ = {isa = PBXFileReference; fileEncoding = 4; lastKnownFileType = sourcecode.swift; path = "Task+CoreDataClass.swift"; sourceTree = "<group>"; };
		29EF3683255A1D9F00E0E669 /* StarView.swift */ = {isa = PBXFileReference; fileEncoding = 4; lastKnownFileType = sourcecode.swift; path = StarView.swift; sourceTree = "<group>"; };
		29EF3684255A1DA000E0E669 /* StarsParticles.scnp */ = {isa = PBXFileReference; lastKnownFileType = file.scp; path = StarsParticles.scnp; sourceTree = "<group>"; };
		29EF3686255A1DA000E0E669 /* ConfettiView.swift */ = {isa = PBXFileReference; fileEncoding = 4; lastKnownFileType = sourcecode.swift; path = ConfettiView.swift; sourceTree = "<group>"; };
		29EF3690255A3A3E00E0E669 /* SceneKit.scnassets */ = {isa = PBXFileReference; lastKnownFileType = wrapper.scnassets; path = SceneKit.scnassets; sourceTree = "<group>"; };
		29FB841C2548EBFB00E0B387 /* TemporaryTask.swift */ = {isa = PBXFileReference; lastKnownFileType = sourcecode.swift; path = TemporaryTask.swift; sourceTree = "<group>"; };
		414A1AC467D748C5DAB839B5 /* TaskInputViewController.swift */ = {isa = PBXFileReference; includeInIndex = 1; lastKnownFileType = sourcecode.swift; path = TaskInputViewController.swift; sourceTree = "<group>"; };
		49C0672D1D36D9B54A1AEF7E /* EditTaskInteractor.swift */ = {isa = PBXFileReference; includeInIndex = 1; lastKnownFileType = sourcecode.swift; path = EditTaskInteractor.swift; sourceTree = "<group>"; };
		4D8893311B35FA10B3CD4E56 /* TaskInputRouterTests.swift */ = {isa = PBXFileReference; includeInIndex = 1; lastKnownFileType = sourcecode.swift; path = TaskInputRouterTests.swift; sourceTree = "<group>"; };
		6430410713F76BC9E6A19F1B /* EditTaskViewController.swift */ = {isa = PBXFileReference; includeInIndex = 1; lastKnownFileType = sourcecode.swift; path = EditTaskViewController.swift; sourceTree = "<group>"; };
		64E179A17AD5E7B20EC85613 /* AddGoalNameRouterTests.swift */ = {isa = PBXFileReference; includeInIndex = 1; lastKnownFileType = sourcecode.swift; path = AddGoalNameRouterTests.swift; sourceTree = "<group>"; };
		6D24B0DEE5E333B843DB2019 /* EditTaskRouter.swift */ = {isa = PBXFileReference; includeInIndex = 1; lastKnownFileType = sourcecode.swift; path = EditTaskRouter.swift; sourceTree = "<group>"; };
		6F45DC0B51C7F550CA4798D8 /* AddTaskPresenter.swift */ = {isa = PBXFileReference; includeInIndex = 1; lastKnownFileType = sourcecode.swift; path = AddTaskPresenter.swift; sourceTree = "<group>"; };
		772246A719E6AA22508BC264 /* EditTaskViewTests.swift */ = {isa = PBXFileReference; includeInIndex = 1; lastKnownFileType = sourcecode.swift; path = EditTaskViewTests.swift; sourceTree = "<group>"; };
		794871EE74CF19196C409A51 /* AddTaskViewController.swift */ = {isa = PBXFileReference; includeInIndex = 1; lastKnownFileType = sourcecode.swift; path = AddTaskViewController.swift; sourceTree = "<group>"; };
		8E6B70505EAE2815B54CDF35 /* EditTaskInteractorTests.swift */ = {isa = PBXFileReference; includeInIndex = 1; lastKnownFileType = sourcecode.swift; path = EditTaskInteractorTests.swift; sourceTree = "<group>"; };
		8FD4ED7E3300B66D728FE889 /* AddGoalNameViewTests.swift */ = {isa = PBXFileReference; includeInIndex = 1; lastKnownFileType = sourcecode.swift; path = AddGoalNameViewTests.swift; sourceTree = "<group>"; };
		925D4AA7044F4DA87AF47437 /* AddGoalNamePresenterTests.swift */ = {isa = PBXFileReference; includeInIndex = 1; lastKnownFileType = sourcecode.swift; path = AddGoalNamePresenterTests.swift; sourceTree = "<group>"; };
		9EC5633E6B73A8B80A9AF1B2 /* AddTaskInteractorTests.swift */ = {isa = PBXFileReference; includeInIndex = 1; lastKnownFileType = sourcecode.swift; path = AddTaskInteractorTests.swift; sourceTree = "<group>"; };
		A76463B4AD0A46E2F1913A87 /* EditTaskPresenterTests.swift */ = {isa = PBXFileReference; includeInIndex = 1; lastKnownFileType = sourcecode.swift; path = EditTaskPresenterTests.swift; sourceTree = "<group>"; };
		AC3D4A7C52882A9FE01F27D0 /* TaskInputPresenter.swift */ = {isa = PBXFileReference; includeInIndex = 1; lastKnownFileType = sourcecode.swift; path = TaskInputPresenter.swift; sourceTree = "<group>"; };
		B17D6E425673CFDB6476154D /* TaskInputRouter.swift */ = {isa = PBXFileReference; includeInIndex = 1; lastKnownFileType = sourcecode.swift; path = TaskInputRouter.swift; sourceTree = "<group>"; };
		B35798BAA945F0E06AB25747 /* TaskInputViewTests.swift */ = {isa = PBXFileReference; includeInIndex = 1; lastKnownFileType = sourcecode.swift; path = TaskInputViewTests.swift; sourceTree = "<group>"; };
		B92799FDBA86D0E1B90A00F4 /* EditTaskPresenter.swift */ = {isa = PBXFileReference; includeInIndex = 1; lastKnownFileType = sourcecode.swift; path = EditTaskPresenter.swift; sourceTree = "<group>"; };
		BADC81CD3D74368FAF6C69AA /* EditTaskInteractorOutput.swift */ = {isa = PBXFileReference; includeInIndex = 1; lastKnownFileType = sourcecode.swift; path = EditTaskInteractorOutput.swift; sourceTree = "<group>"; };
		BD6C9C45CD6FBED72AF5954F /* AddTaskViewTests.swift */ = {isa = PBXFileReference; includeInIndex = 1; lastKnownFileType = sourcecode.swift; path = AddTaskViewTests.swift; sourceTree = "<group>"; };
		CDB5626CF0488460640D40A0 /* AddTaskRouterTests.swift */ = {isa = PBXFileReference; includeInIndex = 1; lastKnownFileType = sourcecode.swift; path = AddTaskRouterTests.swift; sourceTree = "<group>"; };
		DD23B7AE9ED9C8E2FC06E5BA /* AddGoalNamePresenter.swift */ = {isa = PBXFileReference; includeInIndex = 1; lastKnownFileType = sourcecode.swift; path = AddGoalNamePresenter.swift; sourceTree = "<group>"; };
		ED0EE8220CA42F3F7B6AC356 /* EditTaskRouterTests.swift */ = {isa = PBXFileReference; includeInIndex = 1; lastKnownFileType = sourcecode.swift; path = EditTaskRouterTests.swift; sourceTree = "<group>"; };
/* End PBXFileReference section */

/* Begin PBXFrameworksBuildPhase section */
		2997604B253D96A000CDD568 /* Frameworks */ = {
			isa = PBXFrameworksBuildPhase;
			buildActionMask = 2147483647;
			files = (
				298337D82542AAC7001CB8D9 /* HGCircularSlider in Frameworks */,
				29248085255C1191003D09CB /* CloudKit.framework in Frameworks */,
			);
			runOnlyForDeploymentPostprocessing = 0;
		};
		29976064253D96A200CDD568 /* Frameworks */ = {
			isa = PBXFrameworksBuildPhase;
			buildActionMask = 2147483647;
			files = (
			);
			runOnlyForDeploymentPostprocessing = 0;
		};
		2997606F253D96A200CDD568 /* Frameworks */ = {
			isa = PBXFrameworksBuildPhase;
			buildActionMask = 2147483647;
			files = (
			);
			runOnlyForDeploymentPostprocessing = 0;
		};
/* End PBXFrameworksBuildPhase section */

/* Begin PBXGroup section */
		0B5355FA0E81414A22BF6FE9 /* View */ = {
			isa = PBXGroup;
			children = (
				6430410713F76BC9E6A19F1B /* EditTaskViewController.swift */,
				295B39C52558CE9400A21E21 /* EditTaskViewController.storyboard */,
			);
			path = View;
			sourceTree = "<group>";
		};
		219C65A6B6047C1705729EFC /* View */ = {
			isa = PBXGroup;
			children = (
				414A1AC467D748C5DAB839B5 /* TaskInputViewController.swift */,
				29A248F0255A7EFD005E6230 /* TaskInputViewController.storyboard */,
			);
			path = View;
			sourceTree = "<group>";
		};
		290B5C49253F1503009D54B1 /* Resources */ = {
			isa = PBXGroup;
			children = (
				29EF3690255A3A3E00E0E669 /* SceneKit.scnassets */,
				29833773254140F7001CB8D9 /* Strings+Generated.swift */,
				2950D8D225413DED007AC1C9 /* XCAssets+Generated.swift */,
				2997605F253D96A200CDD568 /* LaunchScreen.storyboard */,
				290B5C4A253F1537009D54B1 /* Resources.xcassets */,
				2997605D253D96A200CDD568 /* Assets.xcassets */,
				2954E9692541251A00E89510 /* Localizable.strings */,
				2959D093254A652000A3DC28 /* Constraints.swift */,
			);
			path = Resources;
			sourceTree = "<group>";
		};
		290B5C54254004E9009D54B1 /* Output */ = {
			isa = PBXGroup;
			children = (
				290B5C5525400503009D54B1 /* GoalDetailInteractorOutput.swift */,
			);
			path = Output;
			sourceTree = "<group>";
		};
		2910BDA825403CD100E0D56A /* Service */ = {
			isa = PBXGroup;
			children = (
				29552818253E779C009AFE97 /* GoalServicer.swift */,
			);
			path = Service;
			sourceTree = "<group>";
		};
		291B746825541C170042DFB3 /* CircleView */ = {
			isa = PBXGroup;
			children = (
				291B746925541C430042DFB3 /* TaskAchievementCircle.swift */,
				291B746E25541C780042DFB3 /* GoalAchievementCircle.swift */,
			);
			path = CircleView;
			sourceTree = "<group>";
		};
		291B748D255576520042DFB3 /* Store */ = {
			isa = PBXGroup;
			children = (
				291B748E2555766B0042DFB3 /* NotificationStoreTests.swift */,
			);
			path = Store;
			sourceTree = "<group>";
		};
		29248083255C1191003D09CB /* Frameworks */ = {
			isa = PBXGroup;
			children = (
				29248084255C1191003D09CB /* CloudKit.framework */,
			);
			name = Frameworks;
			sourceTree = "<group>";
		};
		2954E95E25405CBA00E89510 /* CoreData */ = {
			isa = PBXGroup;
			children = (
				2980AAA2254BC89B00B70A01 /* Entity */,
				2955280E253E76D9009AFE97 /* PersistentContainerProvider.swift */,
			);
			path = CoreData;
			sourceTree = "<group>";
		};
		29552826253E8032009AFE97 /* Entiry */ = {
			isa = PBXGroup;
			children = (
				29552827253E8052009AFE97 /* TemporaryGoal.swift */,
			);
			path = Entiry;
			sourceTree = "<group>";
		};
		2959D0652549672800A3DC28 /* Interactor */ = {
			isa = PBXGroup;
			children = (
				2959D0662549673800A3DC28 /* AddTaskInteractor.swift */,
				2959D06B2549679500A3DC28 /* AddTaskInteractorOutput.swift */,
			);
			path = Interactor;
			sourceTree = "<group>";
		};
		296412422552404000CA732A /* Output */ = {
			isa = PBXGroup;
			children = (
				296412432552404D00CA732A /* EditTaskPresenterOutput.swift */,
			);
			path = Output;
			sourceTree = "<group>";
		};
		297795DA2548428E00AD7E2D /* SubViews */ = {
			isa = PBXGroup;
			children = (
				297795DB254842B000AD7E2D /* AddTaskCell.swift */,
			);
			path = SubViews;
			sourceTree = "<group>";
		};
		2980AAA2254BC89B00B70A01 /* Entity */ = {
			isa = PBXGroup;
			children = (
				29D67F89254C073C00A6E396 /* Goal+CoreDataClass.swift */,
				29D67F8A254C073C00A6E396 /* Goal+CoreDataProperties.swift */,
				29D67F8B254C073C00A6E396 /* Task+CoreDataClass.swift */,
				29D67F88254C073C00A6E396 /* Task+CoreDataProperties.swift */,
			);
			path = Entity;
			sourceTree = "<group>";
		};
		298337A32541B35F001CB8D9 /* Module */ = {
			isa = PBXGroup;
			children = (
				CE43A372CB41AE1600C8BEBF /* AddGoalName */,
				956D56AD9BC7A7F214AD8F66 /* AddTask */,
				78193783AEF073ABB774B037 /* EditTask */,
				D301884316355BD1DBF67836 /* TaskInput */,
			);
			path = Module;
			sourceTree = "<group>";
		};
		298337BD2541B836001CB8D9 /* CoreData */ = {
			isa = PBXGroup;
			children = (
				298337BE2541B845001CB8D9 /* MockGoalService.swift */,
			);
			path = CoreData;
			sourceTree = "<group>";
		};
		298337DC25441117001CB8D9 /* TaskView */ = {
			isa = PBXGroup;
			children = (
				298337DD25441173001CB8D9 /* TaskView.swift */,
				298337E225441188001CB8D9 /* TaskView.xib */,
			);
			path = TaskView;
			sourceTree = "<group>";
		};
		29976045253D96A000CDD568 = {
			isa = PBXGroup;
			children = (
				29976050253D96A000CDD568 /* Odysseia */,
				2997606A253D96A200CDD568 /* OdysseiaTests */,
				29976075253D96A200CDD568 /* OdysseiaUITests */,
				2997604F253D96A000CDD568 /* Products */,
				29248083255C1191003D09CB /* Frameworks */,
			);
			sourceTree = "<group>";
		};
		2997604F253D96A000CDD568 /* Products */ = {
			isa = PBXGroup;
			children = (
				2997604E253D96A000CDD568 /* Odysseia.app */,
				29976067253D96A200CDD568 /* OdysseiaTests.xctest */,
				29976072253D96A200CDD568 /* OdysseiaUITests.xctest */,
			);
			name = Products;
			sourceTree = "<group>";
		};
		29976050253D96A000CDD568 /* Odysseia */ = {
			isa = PBXGroup;
			children = (
				2924807F255C1188003D09CB /* Odysseia.entitlements */,
				2954E95E25405CBA00E89510 /* CoreData */,
				29ECE039255690A400F03077 /* Store */,
				2910BDA825403CD100E0D56A /* Service */,
				290B5C49253F1503009D54B1 /* Resources */,
				299760A0253D96EC00CDD568 /* Util */,
				29976087253D96AE00CDD568 /* Module */,
				29976051253D96A000CDD568 /* AppDelegate.swift */,
				29976053253D96A000CDD568 /* SceneDelegate.swift */,
				29B13477253D97E800C273F1 /* Goal.xcdatamodeld */,
				29976062253D96A200CDD568 /* Info.plist */,
			);
			path = Odysseia;
			sourceTree = "<group>";
		};
		2997606A253D96A200CDD568 /* OdysseiaTests */ = {
			isa = PBXGroup;
			children = (
				291B748D255576520042DFB3 /* Store */,
				298337BD2541B836001CB8D9 /* CoreData */,
				298337A32541B35F001CB8D9 /* Module */,
				2997606B253D96A200CDD568 /* OdysseiaTests.swift */,
				2997606D253D96A200CDD568 /* Info.plist */,
			);
			path = OdysseiaTests;
			sourceTree = "<group>";
		};
		29976075253D96A200CDD568 /* OdysseiaUITests */ = {
			isa = PBXGroup;
			children = (
				29976076253D96A200CDD568 /* OdysseiaUITests.swift */,
				29976078253D96A200CDD568 /* Info.plist */,
			);
			path = OdysseiaUITests;
			sourceTree = "<group>";
		};
		29976087253D96AE00CDD568 /* Module */ = {
			isa = PBXGroup;
			children = (
				299D7648253EDB8B006985FD /* EditGoal */,
				299D7618253EC9B0006985FD /* GoalDetail */,
				2997608B253D96E300CDD568 /* GoalList */,
				67806E344036324E04D9591A /* AddGoalName */,
				E982E9AC6CBA1613F8E8A628 /* AddTask */,
				9341D07E30977E9C817D1561 /* EditTask */,
				A2AF7B634B04AC0B115AECCA /* TaskInput */,
			);
			path = Module;
			sourceTree = "<group>";
		};
		2997608B253D96E300CDD568 /* GoalList */ = {
			isa = PBXGroup;
			children = (
				29552826253E8032009AFE97 /* Entiry */,
				2997608C253D96E300CDD568 /* Presenter */,
				2997608E253D96E300CDD568 /* View */,
				29976091253D96E300CDD568 /* Interactor */,
				29976095253D96E300CDD568 /* Router */,
			);
			path = GoalList;
			sourceTree = "<group>";
		};
		2997608C253D96E300CDD568 /* Presenter */ = {
			isa = PBXGroup;
			children = (
				2997608D253D96E300CDD568 /* GoalListPresenter.swift */,
			);
			path = Presenter;
			sourceTree = "<group>";
		};
		2997608E253D96E300CDD568 /* View */ = {
			isa = PBXGroup;
			children = (
				29B13485253DA6B200C273F1 /* SubViews */,
				2997608F253D96E300CDD568 /* GoalListViewController.swift */,
				29976090253D96E300CDD568 /* GoalListViewController.storyboard */,
			);
			path = View;
			sourceTree = "<group>";
		};
		29976091253D96E300CDD568 /* Interactor */ = {
			isa = PBXGroup;
			children = (
				29976092253D96E300CDD568 /* GoalListInteractor.swift */,
				29976093253D96E300CDD568 /* Output */,
			);
			path = Interactor;
			sourceTree = "<group>";
		};
		29976093253D96E300CDD568 /* Output */ = {
			isa = PBXGroup;
			children = (
				29976094253D96E300CDD568 /* GoalListInteractorOutput.swift */,
			);
			path = Output;
			sourceTree = "<group>";
		};
		29976095253D96E300CDD568 /* Router */ = {
			isa = PBXGroup;
			children = (
				29976096253D96E300CDD568 /* GoalListRouter.swift */,
				2959D0A0254A83DC00A3DC28 /* GoalListRouterOutput.swift */,
			);
			path = Router;
			sourceTree = "<group>";
		};
		299760A0253D96EC00CDD568 /* Util */ = {
			isa = PBXGroup;
			children = (
				299760A1253D96F900CDD568 /* Extension.swift */,
				2954E9592540561200E89510 /* GoalNavigationController.swift */,
			);
			path = Util;
			sourceTree = "<group>";
		};
		299D7618253EC9B0006985FD /* GoalDetail */ = {
			isa = PBXGroup;
			children = (
				299D763B253ED464006985FD /* Router */,
				299D762A253ECDE8006985FD /* Interactor */,
				299D7624253ECD3B006985FD /* Presenter */,
				299D7619253ECC44006985FD /* View */,
			);
			path = GoalDetail;
			sourceTree = "<group>";
		};
		299D7619253ECC44006985FD /* View */ = {
			isa = PBXGroup;
			children = (
				29EF3681255A1D9F00E0E669 /* Subview */,
				291B746825541C170042DFB3 /* CircleView */,
				298337DC25441117001CB8D9 /* TaskView */,
				299D761A253ECC57006985FD /* GoalDetailViewController.swift */,
				29A24910255A8B51005E6230 /* GoalDetailViewController.storyboard */,
			);
			path = View;
			sourceTree = "<group>";
		};
		299D7624253ECD3B006985FD /* Presenter */ = {
			isa = PBXGroup;
			children = (
				299D7625253ECD4C006985FD /* GoalDetailPresenter.swift */,
			);
			path = Presenter;
			sourceTree = "<group>";
		};
		299D762A253ECDE8006985FD /* Interactor */ = {
			isa = PBXGroup;
			children = (
				290B5C54254004E9009D54B1 /* Output */,
				299D762B253ECDF8006985FD /* GoalDetailInteractor.swift */,
			);
			path = Interactor;
			sourceTree = "<group>";
		};
		299D763B253ED464006985FD /* Router */ = {
			isa = PBXGroup;
			children = (
				299D763D253ED49F006985FD /* GoalDetailRouter.swift */,
			);
			path = Router;
			sourceTree = "<group>";
		};
		299D7648253EDB8B006985FD /* EditGoal */ = {
			isa = PBXGroup;
			children = (
				299D764C253EDBA8006985FD /* View */,
				299D764B253EDBA2006985FD /* Interactor */,
				299D764A253EDB9E006985FD /* Router */,
				299D7649253EDB97006985FD /* Presenter */,
			);
			path = EditGoal;
			sourceTree = "<group>";
		};
		299D7649253EDB97006985FD /* Presenter */ = {
			isa = PBXGroup;
			children = (
				299D765A253EDC31006985FD /* EditGoalPresenter.swift */,
			);
			path = Presenter;
			sourceTree = "<group>";
		};
		299D764A253EDB9E006985FD /* Router */ = {
			isa = PBXGroup;
			children = (
				299D766D253EDCE7006985FD /* EditGoalRouter.swift */,
			);
			path = Router;
			sourceTree = "<group>";
		};
		299D764B253EDBA2006985FD /* Interactor */ = {
			isa = PBXGroup;
			children = (
				299D7664253EDC9F006985FD /* Output */,
				299D765F253EDC81006985FD /* EditGoalInteractor.swift */,
			);
			path = Interactor;
			sourceTree = "<group>";
		};
		299D764C253EDBA8006985FD /* View */ = {
			isa = PBXGroup;
			children = (
				299D764D253EDBC3006985FD /* EditGoalViewController.swift */,
				299D7655253EDBD1006985FD /* EditGoalViewController.storyboard */,
			);
			path = View;
			sourceTree = "<group>";
		};
		299D7664253EDC9F006985FD /* Output */ = {
			isa = PBXGroup;
			children = (
				299D7665253EDCB1006985FD /* EditGoalInteractorOutput.swift */,
			);
			path = Output;
			sourceTree = "<group>";
		};
		29A248E2255A7124005E6230 /* Output */ = {
			isa = PBXGroup;
			children = (
				29A248E3255A7130005E6230 /* TaskInputPresenterOutput.swift */,
			);
			path = Output;
			sourceTree = "<group>";
		};
		29B13485253DA6B200C273F1 /* SubViews */ = {
			isa = PBXGroup;
			children = (
				299D7613253EB841006985FD /* GoalListCollectionCell.swift */,
			);
			path = SubViews;
			sourceTree = "<group>";
		};
		29ECE039255690A400F03077 /* Store */ = {
			isa = PBXGroup;
			children = (
				291B74882554EA080042DFB3 /* NotificationStore.swift */,
			);
			path = Store;
			sourceTree = "<group>";
		};
		29EF3681255A1D9F00E0E669 /* Subview */ = {
			isa = PBXGroup;
			children = (
				29EF3682255A1D9F00E0E669 /* Star */,
				29EF3685255A1DA000E0E669 /* Confetti */,
			);
			path = Subview;
			sourceTree = "<group>";
		};
		29EF3682255A1D9F00E0E669 /* Star */ = {
			isa = PBXGroup;
			children = (
				29EF3683255A1D9F00E0E669 /* StarView.swift */,
				29EF3684255A1DA000E0E669 /* StarsParticles.scnp */,
			);
			path = Star;
			sourceTree = "<group>";
		};
		29EF3685255A1DA000E0E669 /* Confetti */ = {
			isa = PBXGroup;
			children = (
				29EF3686255A1DA000E0E669 /* ConfettiView.swift */,
			);
			path = Confetti;
			sourceTree = "<group>";
		};
		29FB841B2548EBC400E0B387 /* Entity */ = {
			isa = PBXGroup;
			children = (
				29FB841C2548EBFB00E0B387 /* TemporaryTask.swift */,
			);
			path = Entity;
			sourceTree = "<group>";
		};
		3382E8C8BD866F4DF0DB735F /* Interactor */ = {
			isa = PBXGroup;
			children = (
				BADC81CD3D74368FAF6C69AA /* EditTaskInteractorOutput.swift */,
				49C0672D1D36D9B54A1AEF7E /* EditTaskInteractor.swift */,
			);
			path = Interactor;
			sourceTree = "<group>";
		};
		33839CFB547CF3F20406FCF6 /* Router */ = {
			isa = PBXGroup;
			children = (
				ED0EE8220CA42F3F7B6AC356 /* EditTaskRouterTests.swift */,
			);
			path = Router;
			sourceTree = "<group>";
		};
		4EFA8EB208345F4A30F83653 /* Presenter */ = {
			isa = PBXGroup;
			children = (
				10EF44790FF187FBDE676E6C /* AddTaskPresenterTests.swift */,
			);
			path = Presenter;
			sourceTree = "<group>";
		};
		5042C15C1FF7A895096646CB /* Presenter */ = {
			isa = PBXGroup;
			children = (
				DD23B7AE9ED9C8E2FC06E5BA /* AddGoalNamePresenter.swift */,
			);
			path = Presenter;
			sourceTree = "<group>";
		};
		5299DAB3F3420DD2E8D70F10 /* Presenter */ = {
			isa = PBXGroup;
			children = (
				A76463B4AD0A46E2F1913A87 /* EditTaskPresenterTests.swift */,
			);
			path = Presenter;
			sourceTree = "<group>";
		};
		5E00E305AAA27A1617CF20EF /* Presenter */ = {
			isa = PBXGroup;
			children = (
				289974CC5E5A9310DB4A387A /* TaskInputPresenterTests.swift */,
			);
			path = Presenter;
			sourceTree = "<group>";
		};
		63DDA7E8669FD281A079D67D /* View */ = {
			isa = PBXGroup;
			children = (
				8FD4ED7E3300B66D728FE889 /* AddGoalNameViewTests.swift */,
			);
			path = View;
			sourceTree = "<group>";
		};
		6589D3B02848F6EEFA53D8FD /* View */ = {
			isa = PBXGroup;
			children = (
				772246A719E6AA22508BC264 /* EditTaskViewTests.swift */,
			);
			path = View;
			sourceTree = "<group>";
		};
		67806E344036324E04D9591A /* AddGoalName */ = {
			isa = PBXGroup;
			children = (
				AE627AA88E88184080ADECB3 /* View */,
				5042C15C1FF7A895096646CB /* Presenter */,
				A17E58781F20ED55F30EE6E7 /* Router */,
			);
			path = AddGoalName;
			sourceTree = "<group>";
		};
		765D0700B3756BCE138AEF77 /* Presenter */ = {
			isa = PBXGroup;
			children = (
				6F45DC0B51C7F550CA4798D8 /* AddTaskPresenter.swift */,
			);
			path = Presenter;
			sourceTree = "<group>";
		};
		78193783AEF073ABB774B037 /* EditTask */ = {
			isa = PBXGroup;
			children = (
				6589D3B02848F6EEFA53D8FD /* View */,
				8E2F888565361C82B9B58213 /* Interactor */,
				5299DAB3F3420DD2E8D70F10 /* Presenter */,
				33839CFB547CF3F20406FCF6 /* Router */,
			);
			path = EditTask;
			sourceTree = "<group>";
		};
		7ED89A13CD8B6157EEA473DD /* View */ = {
			isa = PBXGroup;
			children = (
				297795DA2548428E00AD7E2D /* SubViews */,
				794871EE74CF19196C409A51 /* AddTaskViewController.swift */,
				2959D0BE254A985C00A3DC28 /* AddTaskViewController.storyboard */,
			);
			path = View;
			sourceTree = "<group>";
		};
		81CB75202C09A767808F65D6 /* Interactor */ = {
			isa = PBXGroup;
			children = (
				9EC5633E6B73A8B80A9AF1B2 /* AddTaskInteractorTests.swift */,
			);
			path = Interactor;
			sourceTree = "<group>";
		};
		8E2F888565361C82B9B58213 /* Interactor */ = {
			isa = PBXGroup;
			children = (
				8E6B70505EAE2815B54CDF35 /* EditTaskInteractorTests.swift */,
			);
			path = Interactor;
			sourceTree = "<group>";
		};
		9341D07E30977E9C817D1561 /* EditTask */ = {
			isa = PBXGroup;
			children = (
				0B5355FA0E81414A22BF6FE9 /* View */,
				F1EB66454FA3C91E6825ADC9 /* Presenter */,
				3382E8C8BD866F4DF0DB735F /* Interactor */,
				E111ADD320E67193F5F0C50D /* Router */,
			);
			path = EditTask;
			sourceTree = "<group>";
		};
		956D56AD9BC7A7F214AD8F66 /* AddTask */ = {
			isa = PBXGroup;
			children = (
				A8A1A099AA7787553DF95437 /* View */,
				81CB75202C09A767808F65D6 /* Interactor */,
				4EFA8EB208345F4A30F83653 /* Presenter */,
				A9E13215CAA3D6A6FE5543DA /* Router */,
			);
			path = AddTask;
			sourceTree = "<group>";
		};
		9D0AE5CB0F5638BF76CA83DB /* Router */ = {
			isa = PBXGroup;
			children = (
				64E179A17AD5E7B20EC85613 /* AddGoalNameRouterTests.swift */,
			);
			path = Router;
			sourceTree = "<group>";
		};
		A17E58781F20ED55F30EE6E7 /* Router */ = {
			isa = PBXGroup;
			children = (
				161C9B9A183D08B58A842F6F /* AddGoalNameRouter.swift */,
			);
			path = Router;
			sourceTree = "<group>";
		};
		A2AF7B634B04AC0B115AECCA /* TaskInput */ = {
			isa = PBXGroup;
			children = (
				219C65A6B6047C1705729EFC /* View */,
				AFC15917A3FB05922F14F493 /* Presenter */,
				DF52F4B90C3E7E2FE2DA6AF1 /* Router */,
			);
			path = TaskInput;
			sourceTree = "<group>";
		};
		A386FEEBC6B02D745762271E /* Router */ = {
			isa = PBXGroup;
			children = (
				17668F48CCDDF8F23306FD57 /* AddTaskRouter.swift */,
			);
			path = Router;
			sourceTree = "<group>";
		};
		A8A1A099AA7787553DF95437 /* View */ = {
			isa = PBXGroup;
			children = (
				BD6C9C45CD6FBED72AF5954F /* AddTaskViewTests.swift */,
			);
			path = View;
			sourceTree = "<group>";
		};
		A9E13215CAA3D6A6FE5543DA /* Router */ = {
			isa = PBXGroup;
			children = (
				CDB5626CF0488460640D40A0 /* AddTaskRouterTests.swift */,
			);
			path = Router;
			sourceTree = "<group>";
		};
		AE627AA88E88184080ADECB3 /* View */ = {
			isa = PBXGroup;
			children = (
				29A24903255A85E8005E6230 /* AddGoalNameViewController.storyboard */,
				06A7874279CFBED32B6383E6 /* AddGoalNameViewController.swift */,
				2959D09B254A7C2700A3DC28 /* AddGoalNavigationController.swift */,
			);
			path = View;
			sourceTree = "<group>";
		};
		AED16EF1C2AE657DB71038EB /* View */ = {
			isa = PBXGroup;
			children = (
				B35798BAA945F0E06AB25747 /* TaskInputViewTests.swift */,
			);
			path = View;
			sourceTree = "<group>";
		};
		AFC15917A3FB05922F14F493 /* Presenter */ = {
			isa = PBXGroup;
			children = (
				29A248E2255A7124005E6230 /* Output */,
				AC3D4A7C52882A9FE01F27D0 /* TaskInputPresenter.swift */,
			);
			path = Presenter;
			sourceTree = "<group>";
		};
		CE43A372CB41AE1600C8BEBF /* AddGoalName */ = {
			isa = PBXGroup;
			children = (
				63DDA7E8669FD281A079D67D /* View */,
				D71395C61B6F667EB6D69EB0 /* Presenter */,
				9D0AE5CB0F5638BF76CA83DB /* Router */,
			);
			path = AddGoalName;
			sourceTree = "<group>";
		};
		D301884316355BD1DBF67836 /* TaskInput */ = {
			isa = PBXGroup;
			children = (
				AED16EF1C2AE657DB71038EB /* View */,
				5E00E305AAA27A1617CF20EF /* Presenter */,
				DC1F48324D68BED0FE8E4130 /* Router */,
			);
			path = TaskInput;
			sourceTree = "<group>";
		};
		D71395C61B6F667EB6D69EB0 /* Presenter */ = {
			isa = PBXGroup;
			children = (
				925D4AA7044F4DA87AF47437 /* AddGoalNamePresenterTests.swift */,
			);
			path = Presenter;
			sourceTree = "<group>";
		};
		DC1F48324D68BED0FE8E4130 /* Router */ = {
			isa = PBXGroup;
			children = (
				4D8893311B35FA10B3CD4E56 /* TaskInputRouterTests.swift */,
			);
			path = Router;
			sourceTree = "<group>";
		};
		DF52F4B90C3E7E2FE2DA6AF1 /* Router */ = {
			isa = PBXGroup;
			children = (
				B17D6E425673CFDB6476154D /* TaskInputRouter.swift */,
			);
			path = Router;
			sourceTree = "<group>";
		};
		E111ADD320E67193F5F0C50D /* Router */ = {
			isa = PBXGroup;
			children = (
				6D24B0DEE5E333B843DB2019 /* EditTaskRouter.swift */,
			);
			path = Router;
			sourceTree = "<group>";
		};
		E982E9AC6CBA1613F8E8A628 /* AddTask */ = {
			isa = PBXGroup;
			children = (
				2959D0652549672800A3DC28 /* Interactor */,
				29FB841B2548EBC400E0B387 /* Entity */,
				7ED89A13CD8B6157EEA473DD /* View */,
				765D0700B3756BCE138AEF77 /* Presenter */,
				A386FEEBC6B02D745762271E /* Router */,
			);
			path = AddTask;
			sourceTree = "<group>";
		};
		F1EB66454FA3C91E6825ADC9 /* Presenter */ = {
			isa = PBXGroup;
			children = (
				296412422552404000CA732A /* Output */,
				B92799FDBA86D0E1B90A00F4 /* EditTaskPresenter.swift */,
			);
			path = Presenter;
			sourceTree = "<group>";
		};
/* End PBXGroup section */

/* Begin PBXNativeTarget section */
		2997604D253D96A000CDD568 /* Odysseia */ = {
			isa = PBXNativeTarget;
			buildConfigurationList = 2997607B253D96A200CDD568 /* Build configuration list for PBXNativeTarget "Odysseia" */;
			buildPhases = (
				2997604A253D96A000CDD568 /* Sources */,
				2997604B253D96A000CDD568 /* Frameworks */,
				2997604C253D96A000CDD568 /* Resources */,
				290B5C45253F11A3009D54B1 /* ShellScript */,
			);
			buildRules = (
			);
			dependencies = (
			);
			name = Odysseia;
			packageProductDependencies = (
				298337D72542AAC7001CB8D9 /* HGCircularSlider */,
			);
			productName = Goal;
			productReference = 2997604E253D96A000CDD568 /* Odysseia.app */;
			productType = "com.apple.product-type.application";
		};
		29976066253D96A200CDD568 /* OdysseiaTests */ = {
			isa = PBXNativeTarget;
			buildConfigurationList = 2997607E253D96A200CDD568 /* Build configuration list for PBXNativeTarget "OdysseiaTests" */;
			buildPhases = (
				29976063253D96A200CDD568 /* Sources */,
				29976064253D96A200CDD568 /* Frameworks */,
				29976065253D96A200CDD568 /* Resources */,
			);
			buildRules = (
			);
			dependencies = (
				29976069253D96A200CDD568 /* PBXTargetDependency */,
			);
			name = OdysseiaTests;
			productName = GoalTests;
			productReference = 29976067253D96A200CDD568 /* OdysseiaTests.xctest */;
			productType = "com.apple.product-type.bundle.unit-test";
		};
		29976071253D96A200CDD568 /* OdysseiaUITests */ = {
			isa = PBXNativeTarget;
			buildConfigurationList = 29976081253D96A200CDD568 /* Build configuration list for PBXNativeTarget "OdysseiaUITests" */;
			buildPhases = (
				2997606E253D96A200CDD568 /* Sources */,
				2997606F253D96A200CDD568 /* Frameworks */,
				29976070253D96A200CDD568 /* Resources */,
			);
			buildRules = (
			);
			dependencies = (
				29976074253D96A200CDD568 /* PBXTargetDependency */,
			);
			name = OdysseiaUITests;
			productName = GoalUITests;
			productReference = 29976072253D96A200CDD568 /* OdysseiaUITests.xctest */;
			productType = "com.apple.product-type.bundle.ui-testing";
		};
/* End PBXNativeTarget section */

/* Begin PBXProject section */
		29976046253D96A000CDD568 /* Project object */ = {
			isa = PBXProject;
			attributes = {
				LastSwiftUpdateCheck = 1200;
				LastUpgradeCheck = 1200;
				ORGANIZATIONNAME = "";
				TargetAttributes = {
					2997604D253D96A000CDD568 = {
						CreatedOnToolsVersion = 12.0;
					};
					29976066253D96A200CDD568 = {
						CreatedOnToolsVersion = 12.0;
						TestTargetID = 2997604D253D96A000CDD568;
					};
					29976071253D96A200CDD568 = {
						CreatedOnToolsVersion = 12.0;
						TestTargetID = 2997604D253D96A000CDD568;
					};
				};
			};
			buildConfigurationList = 29976049253D96A000CDD568 /* Build configuration list for PBXProject "Odysseia" */;
			compatibilityVersion = "Xcode 9.3";
			developmentRegion = en;
			hasScannedForEncodings = 0;
			knownRegions = (
				en,
				Base,
				ja,
			);
			mainGroup = 29976045253D96A000CDD568;
			packageReferences = (
				298337D62542AAC7001CB8D9 /* XCRemoteSwiftPackageReference "HGCircularSlider" */,
			);
			productRefGroup = 2997604F253D96A000CDD568 /* Products */;
			projectDirPath = "";
			projectRoot = "";
			targets = (
				2997604D253D96A000CDD568 /* Odysseia */,
				29976066253D96A200CDD568 /* OdysseiaTests */,
				29976071253D96A200CDD568 /* OdysseiaUITests */,
			);
		};
/* End PBXProject section */

/* Begin PBXResourcesBuildPhase section */
		2997604C253D96A000CDD568 /* Resources */ = {
			isa = PBXResourcesBuildPhase;
			buildActionMask = 2147483647;
			files = (
				2959D0BC254A985C00A3DC28 /* AddTaskViewController.storyboard in Resources */,
				29EF3688255A1DA000E0E669 /* StarsParticles.scnp in Resources */,
				29976061253D96A200CDD568 /* LaunchScreen.storyboard in Resources */,
				290B5C4B253F1537009D54B1 /* Resources.xcassets in Resources */,
				298337E325441188001CB8D9 /* TaskView.xib in Resources */,
				29A24901255A85E8005E6230 /* AddGoalNameViewController.storyboard in Resources */,
				2997605E253D96A200CDD568 /* Assets.xcassets in Resources */,
				2954E9672541251A00E89510 /* Localizable.strings in Resources */,
				29A2490E255A8B51005E6230 /* GoalDetailViewController.storyboard in Resources */,
				29976099253D96E300CDD568 /* GoalListViewController.storyboard in Resources */,
				299D7656253EDBD1006985FD /* EditGoalViewController.storyboard in Resources */,
				295B39C32558CE9400A21E21 /* EditTaskViewController.storyboard in Resources */,
				29EF3691255A3A3E00E0E669 /* SceneKit.scnassets in Resources */,
				29A248EE255A7EFD005E6230 /* TaskInputViewController.storyboard in Resources */,
			);
			runOnlyForDeploymentPostprocessing = 0;
		};
		29976065253D96A200CDD568 /* Resources */ = {
			isa = PBXResourcesBuildPhase;
			buildActionMask = 2147483647;
			files = (
			);
			runOnlyForDeploymentPostprocessing = 0;
		};
		29976070253D96A200CDD568 /* Resources */ = {
			isa = PBXResourcesBuildPhase;
			buildActionMask = 2147483647;
			files = (
			);
			runOnlyForDeploymentPostprocessing = 0;
		};
/* End PBXResourcesBuildPhase section */

/* Begin PBXShellScriptBuildPhase section */
		290B5C45253F11A3009D54B1 /* ShellScript */ = {
			isa = PBXShellScriptBuildPhase;
			buildActionMask = 2147483647;
			files = (
			);
			inputFileListPaths = (
			);
			inputPaths = (
			);
			outputFileListPaths = (
			);
			outputPaths = (
			);
			runOnlyForDeploymentPostprocessing = 0;
			shellPath = /bin/sh;
			shellScript = "if which mint >/dev/null; then\n  mint run swiftlint swiftlint autocorrect --format\n  mint run swiftlint swiftlint\nelse\n  echo \"warning: Mint not installed, download from https://github.com/yonaskolb/Mint\"\nfi\n";
		};
/* End PBXShellScriptBuildPhase section */

/* Begin PBXSourcesBuildPhase section */
		2997604A253D96A000CDD568 /* Sources */ = {
			isa = PBXSourcesBuildPhase;
			buildActionMask = 2147483647;
			files = (
				291B74892554EA080042DFB3 /* NotificationStore.swift in Sources */,
				290B5C5625400503009D54B1 /* GoalDetailInteractorOutput.swift in Sources */,
				29D67F8F254C073C00A6E396 /* Task+CoreDataClass.swift in Sources */,
				2959D094254A652000A3DC28 /* Constraints.swift in Sources */,
				29D67F8E254C073C00A6E396 /* Goal+CoreDataProperties.swift in Sources */,
				29D67F8D254C073C00A6E396 /* Goal+CoreDataClass.swift in Sources */,
				299D7660253EDC81006985FD /* EditGoalInteractor.swift in Sources */,
				2950D8D325413DED007AC1C9 /* XCAssets+Generated.swift in Sources */,
				29EF3687255A1DA000E0E669 /* StarView.swift in Sources */,
				29D67F8C254C073C00A6E396 /* Task+CoreDataProperties.swift in Sources */,
				299D7626253ECD4C006985FD /* GoalDetailPresenter.swift in Sources */,
				2955280F253E76D9009AFE97 /* PersistentContainerProvider.swift in Sources */,
				291B746F25541C780042DFB3 /* GoalAchievementCircle.swift in Sources */,
				29B13479253D97E800C273F1 /* Goal.xcdatamodeld in Sources */,
				299D7666253EDCB1006985FD /* EditGoalInteractorOutput.swift in Sources */,
				2997609C253D96E300CDD568 /* GoalListRouter.swift in Sources */,
				299D764E253EDBC3006985FD /* EditGoalViewController.swift in Sources */,
				2959D0672549673800A3DC28 /* AddTaskInteractor.swift in Sources */,
				29976052253D96A000CDD568 /* AppDelegate.swift in Sources */,
				29976098253D96E300CDD568 /* GoalListViewController.swift in Sources */,
				299760A2253D96F900CDD568 /* Extension.swift in Sources */,
				299D766E253EDCE7006985FD /* EditGoalRouter.swift in Sources */,
				297795DC254842B000AD7E2D /* AddTaskCell.swift in Sources */,
				2997609B253D96E300CDD568 /* GoalListInteractorOutput.swift in Sources */,
				29976054253D96A000CDD568 /* SceneDelegate.swift in Sources */,
				29552828253E8052009AFE97 /* TemporaryGoal.swift in Sources */,
				299D7614253EB841006985FD /* GoalListCollectionCell.swift in Sources */,
				2959D0A1254A83DC00A3DC28 /* GoalListRouterOutput.swift in Sources */,
				29EF3689255A1DA000E0E669 /* ConfettiView.swift in Sources */,
				29976097253D96E300CDD568 /* GoalListPresenter.swift in Sources */,
				296412442552404D00CA732A /* EditTaskPresenterOutput.swift in Sources */,
				2954E95A2540561200E89510 /* GoalNavigationController.swift in Sources */,
				299D763E253ED49F006985FD /* GoalDetailRouter.swift in Sources */,
				29552819253E779C009AFE97 /* GoalServicer.swift in Sources */,
				298337DE25441173001CB8D9 /* TaskView.swift in Sources */,
				299D765B253EDC31006985FD /* EditGoalPresenter.swift in Sources */,
				291B746A25541C430042DFB3 /* TaskAchievementCircle.swift in Sources */,
				29A248E4255A7130005E6230 /* TaskInputPresenterOutput.swift in Sources */,
				299D761B253ECC57006985FD /* GoalDetailViewController.swift in Sources */,
				299D762C253ECDF8006985FD /* GoalDetailInteractor.swift in Sources */,
				2997609A253D96E300CDD568 /* GoalListInteractor.swift in Sources */,
				29833775254140F7001CB8D9 /* Strings+Generated.swift in Sources */,
				2959D09C254A7C2700A3DC28 /* AddGoalNavigationController.swift in Sources */,
				C4B155383D956F46C39C6D3D /* AddGoalNameViewController.swift in Sources */,
				F90E7D81DE7987F0F077D31F /* AddGoalNamePresenter.swift in Sources */,
				23FCC9F67139A893CB708D22 /* AddGoalNameRouter.swift in Sources */,
				B396BC7E75984A86F2A84969 /* AddTaskViewController.swift in Sources */,
				F03277B2A7935E5EE21703EE /* AddTaskPresenter.swift in Sources */,
				29FB841D2548EBFB00E0B387 /* TemporaryTask.swift in Sources */,
				05BE5317C6B3B6C3081C2919 /* AddTaskRouter.swift in Sources */,
				2959D06C2549679500A3DC28 /* AddTaskInteractorOutput.swift in Sources */,
				D4391EAE8E92214833C98C20 /* EditTaskViewController.swift in Sources */,
				A15496138B32027A29C88ED0 /* EditTaskPresenter.swift in Sources */,
				FE37061BF901EBB78B547BDE /* EditTaskInteractorOutput.swift in Sources */,
				A6C7FA0C899BC78349C8D297 /* EditTaskInteractor.swift in Sources */,
				5433577822706E6E4D26A1CA /* EditTaskRouter.swift in Sources */,
				80C64535500523EA4188D8C0 /* TaskInputViewController.swift in Sources */,
				48B9A742B2FA5E76B99AB363 /* TaskInputPresenter.swift in Sources */,
				48B6AAEFC42729ED38C7AF39 /* TaskInputRouter.swift in Sources */,
			);
			runOnlyForDeploymentPostprocessing = 0;
		};
		29976063253D96A200CDD568 /* Sources */ = {
			isa = PBXSourcesBuildPhase;
			buildActionMask = 2147483647;
			files = (
				298337BF2541B845001CB8D9 /* MockGoalService.swift in Sources */,
				2997606C253D96A200CDD568 /* OdysseiaTests.swift in Sources */,
				291B748F2555766B0042DFB3 /* NotificationStoreTests.swift in Sources */,
				7D369C583E63A05C23D18E29 /* AddGoalNameViewTests.swift in Sources */,
				E7C051535EA73A14AA0624A2 /* AddGoalNamePresenterTests.swift in Sources */,
				0C6F582DC59DC988D21C4AD3 /* AddGoalNameRouterTests.swift in Sources */,
				912C0E341BB3295DC5F8AA1B /* AddTaskViewTests.swift in Sources */,
				7D5782F4FF379C023F0EB819 /* AddTaskInteractorTests.swift in Sources */,
				6D7BE93F484F6C828383932B /* AddTaskPresenterTests.swift in Sources */,
				0A79080A4981356A6908510F /* AddTaskRouterTests.swift in Sources */,
				716CB1F008A9E38BE9366A7F /* EditTaskViewTests.swift in Sources */,
				8276F3B044165564D9EA940D /* EditTaskInteractorTests.swift in Sources */,
				2F3587798FAB07973F6E22CB /* EditTaskPresenterTests.swift in Sources */,
				D186C9C46FFAF32C32919C6E /* EditTaskRouterTests.swift in Sources */,
				CB3077A286FA70EC5C8501C1 /* TaskInputViewTests.swift in Sources */,
				DD609C2F2A50F5D45DD13B07 /* TaskInputPresenterTests.swift in Sources */,
				0270FCEE060D4B33AA35C1B0 /* TaskInputRouterTests.swift in Sources */,
			);
			runOnlyForDeploymentPostprocessing = 0;
		};
		2997606E253D96A200CDD568 /* Sources */ = {
			isa = PBXSourcesBuildPhase;
			buildActionMask = 2147483647;
			files = (
				29976077253D96A200CDD568 /* OdysseiaUITests.swift in Sources */,
			);
			runOnlyForDeploymentPostprocessing = 0;
		};
/* End PBXSourcesBuildPhase section */

/* Begin PBXTargetDependency section */
		29976069253D96A200CDD568 /* PBXTargetDependency */ = {
			isa = PBXTargetDependency;
			target = 2997604D253D96A000CDD568 /* Odysseia */;
			targetProxy = 29976068253D96A200CDD568 /* PBXContainerItemProxy */;
		};
		29976074253D96A200CDD568 /* PBXTargetDependency */ = {
			isa = PBXTargetDependency;
			target = 2997604D253D96A000CDD568 /* Odysseia */;
			targetProxy = 29976073253D96A200CDD568 /* PBXContainerItemProxy */;
		};
/* End PBXTargetDependency section */

/* Begin PBXVariantGroup section */
		2954E9692541251A00E89510 /* Localizable.strings */ = {
			isa = PBXVariantGroup;
			children = (
				2954E9682541251A00E89510 /* en */,
				2954E96E254125C700E89510 /* ja */,
			);
			name = Localizable.strings;
			sourceTree = "<group>";
		};
		2959D0BE254A985C00A3DC28 /* AddTaskViewController.storyboard */ = {
			isa = PBXVariantGroup;
			children = (
				2959D0BD254A985C00A3DC28 /* Base */,
				2959D0C3254A986000A3DC28 /* en */,
				2959D0C5254A986200A3DC28 /* ja */,
			);
			name = AddTaskViewController.storyboard;
			sourceTree = "<group>";
		};
		295B39C52558CE9400A21E21 /* EditTaskViewController.storyboard */ = {
			isa = PBXVariantGroup;
			children = (
				295B39C42558CE9400A21E21 /* Base */,
				295B39CA2558CE9900A21E21 /* en */,
				295B39CC2558CE9E00A21E21 /* ja */,
			);
			name = EditTaskViewController.storyboard;
			sourceTree = "<group>";
		};
		2997605F253D96A200CDD568 /* LaunchScreen.storyboard */ = {
			isa = PBXVariantGroup;
			children = (
				29976060253D96A200CDD568 /* Base */,
				2954E96D254125C600E89510 /* ja */,
			);
			name = LaunchScreen.storyboard;
			sourceTree = "<group>";
		};
		29A248F0255A7EFD005E6230 /* TaskInputViewController.storyboard */ = {
			isa = PBXVariantGroup;
			children = (
				29A248EF255A7EFD005E6230 /* Base */,
				29A248F8255A7EFF005E6230 /* en */,
				29A248FD255A7F01005E6230 /* ja */,
			);
			name = TaskInputViewController.storyboard;
			sourceTree = "<group>";
		};
		29A24903255A85E8005E6230 /* AddGoalNameViewController.storyboard */ = {
			isa = PBXVariantGroup;
			children = (
				29A24902255A85E8005E6230 /* Base */,
				29A24908255A85ED005E6230 /* en */,
				29A2490A255A85EF005E6230 /* ja */,
			);
			name = AddGoalNameViewController.storyboard;
			sourceTree = "<group>";
		};
		29A24910255A8B51005E6230 /* GoalDetailViewController.storyboard */ = {
			isa = PBXVariantGroup;
			children = (
				29A2490F255A8B51005E6230 /* Base */,
				29A24915255A8B57005E6230 /* en */,
				29A24917255A8B86005E6230 /* ja */,
			);
			name = GoalDetailViewController.storyboard;
			sourceTree = "<group>";
		};
/* End PBXVariantGroup section */

/* Begin XCBuildConfiguration section */
		29248095255C1AAF003D09CB /* AdHoc */ = {
			isa = XCBuildConfiguration;
			buildSettings = {
				ALWAYS_SEARCH_USER_PATHS = NO;
				BUNDLE_ID_SUFFIX = .adhoc;
				CLANG_ANALYZER_LOCALIZABILITY_NONLOCALIZED = YES;
				CLANG_ANALYZER_NONNULL = YES;
				CLANG_ANALYZER_NUMBER_OBJECT_CONVERSION = YES_AGGRESSIVE;
				CLANG_CXX_LANGUAGE_STANDARD = "gnu++14";
				CLANG_CXX_LIBRARY = "libc++";
				CLANG_ENABLE_MODULES = YES;
				CLANG_ENABLE_OBJC_ARC = YES;
				CLANG_ENABLE_OBJC_WEAK = YES;
				CLANG_WARN_BLOCK_CAPTURE_AUTORELEASING = YES;
				CLANG_WARN_BOOL_CONVERSION = YES;
				CLANG_WARN_COMMA = YES;
				CLANG_WARN_CONSTANT_CONVERSION = YES;
				CLANG_WARN_DEPRECATED_OBJC_IMPLEMENTATIONS = YES;
				CLANG_WARN_DIRECT_OBJC_ISA_USAGE = YES_ERROR;
				CLANG_WARN_DOCUMENTATION_COMMENTS = YES;
				CLANG_WARN_EMPTY_BODY = YES;
				CLANG_WARN_ENUM_CONVERSION = YES;
				CLANG_WARN_INFINITE_RECURSION = YES;
				CLANG_WARN_INT_CONVERSION = YES;
				CLANG_WARN_NON_LITERAL_NULL_CONVERSION = YES;
				CLANG_WARN_OBJC_IMPLICIT_RETAIN_SELF = YES;
				CLANG_WARN_OBJC_LITERAL_CONVERSION = YES;
				CLANG_WARN_OBJC_ROOT_CLASS = YES_ERROR;
				CLANG_WARN_QUOTED_INCLUDE_IN_FRAMEWORK_HEADER = YES;
				CLANG_WARN_RANGE_LOOP_ANALYSIS = YES;
				CLANG_WARN_STRICT_PROTOTYPES = YES;
				CLANG_WARN_SUSPICIOUS_MOVE = YES;
				CLANG_WARN_UNGUARDED_AVAILABILITY = YES_AGGRESSIVE;
				CLANG_WARN_UNREACHABLE_CODE = YES;
				CLANG_WARN__DUPLICATE_METHOD_MATCH = YES;
				COPY_PHASE_STRIP = NO;
				DEBUG_INFORMATION_FORMAT = "dwarf-with-dsym";
				ENABLE_NS_ASSERTIONS = NO;
				ENABLE_STRICT_OBJC_MSGSEND = YES;
				GCC_C_LANGUAGE_STANDARD = gnu11;
				GCC_NO_COMMON_BLOCKS = YES;
				GCC_PREPROCESSOR_DEFINITIONS = "ADHOC=1";
				GCC_WARN_64_TO_32_BIT_CONVERSION = YES;
				GCC_WARN_ABOUT_RETURN_TYPE = YES_ERROR;
				GCC_WARN_UNDECLARED_SELECTOR = YES;
				GCC_WARN_UNINITIALIZED_AUTOS = YES_AGGRESSIVE;
				GCC_WARN_UNUSED_FUNCTION = YES;
				GCC_WARN_UNUSED_VARIABLE = YES;
				IPHONEOS_DEPLOYMENT_TARGET = 14.0;
				MTL_ENABLE_DEBUG_INFO = NO;
				MTL_FAST_MATH = YES;
				OTHER_SWIFT_FLAGS = "-D ADHOC";
				PRODUCT_BUNDLE_IDENTIFIER = "com.lcr.odysseia${BUNDLE_ID_SUFFIX}";
				SDKROOT = iphoneos;
				SWIFT_COMPILATION_MODE = wholemodule;
				SWIFT_OPTIMIZATION_LEVEL = "-O";
				VALIDATE_PRODUCT = YES;
			};
			name = AdHoc;
		};
		29248096255C1AAF003D09CB /* AdHoc */ = {
			isa = XCBuildConfiguration;
			buildSettings = {
				ASSETCATALOG_COMPILER_APPICON_NAME = AppIcon;
				ASSETCATALOG_COMPILER_GLOBAL_ACCENT_COLOR_NAME = AccentColor;
				CODE_SIGN_ENTITLEMENTS = Odysseia/Odysseia.entitlements;
				CODE_SIGN_STYLE = Automatic;
				DEVELOPMENT_TEAM = UUF7376KJL;
				INFOPLIST_FILE = Odysseia/Info.plist;
				LD_RUNPATH_SEARCH_PATHS = (
					"$(inherited)",
					"@executable_path/Frameworks",
				);
				PRODUCT_BUNDLE_IDENTIFIER = com.lcr.Odysseia;
				PRODUCT_NAME = "$(TARGET_NAME)";
				SWIFT_VERSION = 5.0;
				TARGETED_DEVICE_FAMILY = "1,2";
			};
			name = AdHoc;
		};
		29248097255C1AAF003D09CB /* AdHoc */ = {
			isa = XCBuildConfiguration;
			buildSettings = {
				ALWAYS_EMBED_SWIFT_STANDARD_LIBRARIES = YES;
				BUNDLE_LOADER = "$(TEST_HOST)";
				CODE_SIGN_STYLE = Automatic;
				DEVELOPMENT_TEAM = UUF7376KJL;
				INFOPLIST_FILE = OdysseiaTests/Info.plist;
				IPHONEOS_DEPLOYMENT_TARGET = 14.0;
				LD_RUNPATH_SEARCH_PATHS = (
					"$(inherited)",
					"@executable_path/Frameworks",
					"@loader_path/Frameworks",
				);
				PRODUCT_BUNDLE_IDENTIFIER = com.lcr.OdysseiaTests;
				PRODUCT_NAME = "$(TARGET_NAME)";
				SWIFT_VERSION = 5.0;
				TARGETED_DEVICE_FAMILY = "1,2";
				TEST_HOST = "$(BUILT_PRODUCTS_DIR)/Odysseia.app/Odysseia";
			};
			name = AdHoc;
		};
		29248098255C1AAF003D09CB /* AdHoc */ = {
			isa = XCBuildConfiguration;
			buildSettings = {
				ALWAYS_EMBED_SWIFT_STANDARD_LIBRARIES = YES;
				CODE_SIGN_STYLE = Automatic;
				DEVELOPMENT_TEAM = UUF7376KJL;
				INFOPLIST_FILE = OdysseiaUITests/Info.plist;
				LD_RUNPATH_SEARCH_PATHS = (
					"$(inherited)",
					"@executable_path/Frameworks",
					"@loader_path/Frameworks",
				);
				PRODUCT_BUNDLE_IDENTIFIER = com.lcr.OdysseiaUITests;
				PRODUCT_NAME = "$(TARGET_NAME)";
				SWIFT_VERSION = 5.0;
				TARGETED_DEVICE_FAMILY = "1,2";
				TEST_TARGET_NAME = Goal;
			};
			name = AdHoc;
		};
		29976079253D96A200CDD568 /* Debug */ = {
			isa = XCBuildConfiguration;
			buildSettings = {
				ALWAYS_SEARCH_USER_PATHS = NO;
				BUNDLE_ID_SUFFIX = .debug;
				CLANG_ANALYZER_LOCALIZABILITY_NONLOCALIZED = YES;
				CLANG_ANALYZER_NONNULL = YES;
				CLANG_ANALYZER_NUMBER_OBJECT_CONVERSION = YES_AGGRESSIVE;
				CLANG_CXX_LANGUAGE_STANDARD = "gnu++14";
				CLANG_CXX_LIBRARY = "libc++";
				CLANG_ENABLE_MODULES = YES;
				CLANG_ENABLE_OBJC_ARC = YES;
				CLANG_ENABLE_OBJC_WEAK = YES;
				CLANG_WARN_BLOCK_CAPTURE_AUTORELEASING = YES;
				CLANG_WARN_BOOL_CONVERSION = YES;
				CLANG_WARN_COMMA = YES;
				CLANG_WARN_CONSTANT_CONVERSION = YES;
				CLANG_WARN_DEPRECATED_OBJC_IMPLEMENTATIONS = YES;
				CLANG_WARN_DIRECT_OBJC_ISA_USAGE = YES_ERROR;
				CLANG_WARN_DOCUMENTATION_COMMENTS = YES;
				CLANG_WARN_EMPTY_BODY = YES;
				CLANG_WARN_ENUM_CONVERSION = YES;
				CLANG_WARN_INFINITE_RECURSION = YES;
				CLANG_WARN_INT_CONVERSION = YES;
				CLANG_WARN_NON_LITERAL_NULL_CONVERSION = YES;
				CLANG_WARN_OBJC_IMPLICIT_RETAIN_SELF = YES;
				CLANG_WARN_OBJC_LITERAL_CONVERSION = YES;
				CLANG_WARN_OBJC_ROOT_CLASS = YES_ERROR;
				CLANG_WARN_QUOTED_INCLUDE_IN_FRAMEWORK_HEADER = YES;
				CLANG_WARN_RANGE_LOOP_ANALYSIS = YES;
				CLANG_WARN_STRICT_PROTOTYPES = YES;
				CLANG_WARN_SUSPICIOUS_MOVE = YES;
				CLANG_WARN_UNGUARDED_AVAILABILITY = YES_AGGRESSIVE;
				CLANG_WARN_UNREACHABLE_CODE = YES;
				CLANG_WARN__DUPLICATE_METHOD_MATCH = YES;
				COPY_PHASE_STRIP = NO;
				DEBUG_INFORMATION_FORMAT = dwarf;
				ENABLE_STRICT_OBJC_MSGSEND = YES;
				ENABLE_TESTABILITY = YES;
				GCC_C_LANGUAGE_STANDARD = gnu11;
				GCC_DYNAMIC_NO_PIC = NO;
				GCC_NO_COMMON_BLOCKS = YES;
				GCC_OPTIMIZATION_LEVEL = 0;
				GCC_PREPROCESSOR_DEFINITIONS = (
					"DEBUG=1",
					"$(inherited)",
				);
				GCC_WARN_64_TO_32_BIT_CONVERSION = YES;
				GCC_WARN_ABOUT_RETURN_TYPE = YES_ERROR;
				GCC_WARN_UNDECLARED_SELECTOR = YES;
				GCC_WARN_UNINITIALIZED_AUTOS = YES_AGGRESSIVE;
				GCC_WARN_UNUSED_FUNCTION = YES;
				GCC_WARN_UNUSED_VARIABLE = YES;
				IPHONEOS_DEPLOYMENT_TARGET = 14.0;
				MTL_ENABLE_DEBUG_INFO = INCLUDE_SOURCE;
				MTL_FAST_MATH = YES;
				ONLY_ACTIVE_ARCH = YES;
				OTHER_SWIFT_FLAGS = "-D DEBUG";
				PRODUCT_BUNDLE_IDENTIFIER = "com.lcr.odysseia${BUNDLE_ID_SUFFIX}";
				SDKROOT = iphoneos;
				SWIFT_ACTIVE_COMPILATION_CONDITIONS = DEBUG;
				SWIFT_OPTIMIZATION_LEVEL = "-Onone";
			};
			name = Debug;
		};
		2997607A253D96A200CDD568 /* Release */ = {
			isa = XCBuildConfiguration;
			buildSettings = {
				ALWAYS_SEARCH_USER_PATHS = NO;
				BUNDLE_ID_SUFFIX = "";
				CLANG_ANALYZER_LOCALIZABILITY_NONLOCALIZED = YES;
				CLANG_ANALYZER_NONNULL = YES;
				CLANG_ANALYZER_NUMBER_OBJECT_CONVERSION = YES_AGGRESSIVE;
				CLANG_CXX_LANGUAGE_STANDARD = "gnu++14";
				CLANG_CXX_LIBRARY = "libc++";
				CLANG_ENABLE_MODULES = YES;
				CLANG_ENABLE_OBJC_ARC = YES;
				CLANG_ENABLE_OBJC_WEAK = YES;
				CLANG_WARN_BLOCK_CAPTURE_AUTORELEASING = YES;
				CLANG_WARN_BOOL_CONVERSION = YES;
				CLANG_WARN_COMMA = YES;
				CLANG_WARN_CONSTANT_CONVERSION = YES;
				CLANG_WARN_DEPRECATED_OBJC_IMPLEMENTATIONS = YES;
				CLANG_WARN_DIRECT_OBJC_ISA_USAGE = YES_ERROR;
				CLANG_WARN_DOCUMENTATION_COMMENTS = YES;
				CLANG_WARN_EMPTY_BODY = YES;
				CLANG_WARN_ENUM_CONVERSION = YES;
				CLANG_WARN_INFINITE_RECURSION = YES;
				CLANG_WARN_INT_CONVERSION = YES;
				CLANG_WARN_NON_LITERAL_NULL_CONVERSION = YES;
				CLANG_WARN_OBJC_IMPLICIT_RETAIN_SELF = YES;
				CLANG_WARN_OBJC_LITERAL_CONVERSION = YES;
				CLANG_WARN_OBJC_ROOT_CLASS = YES_ERROR;
				CLANG_WARN_QUOTED_INCLUDE_IN_FRAMEWORK_HEADER = YES;
				CLANG_WARN_RANGE_LOOP_ANALYSIS = YES;
				CLANG_WARN_STRICT_PROTOTYPES = YES;
				CLANG_WARN_SUSPICIOUS_MOVE = YES;
				CLANG_WARN_UNGUARDED_AVAILABILITY = YES_AGGRESSIVE;
				CLANG_WARN_UNREACHABLE_CODE = YES;
				CLANG_WARN__DUPLICATE_METHOD_MATCH = YES;
				COPY_PHASE_STRIP = NO;
				DEBUG_INFORMATION_FORMAT = "dwarf-with-dsym";
				ENABLE_NS_ASSERTIONS = NO;
				ENABLE_STRICT_OBJC_MSGSEND = YES;
				GCC_C_LANGUAGE_STANDARD = gnu11;
				GCC_NO_COMMON_BLOCKS = YES;
				GCC_WARN_64_TO_32_BIT_CONVERSION = YES;
				GCC_WARN_ABOUT_RETURN_TYPE = YES_ERROR;
				GCC_WARN_UNDECLARED_SELECTOR = YES;
				GCC_WARN_UNINITIALIZED_AUTOS = YES_AGGRESSIVE;
				GCC_WARN_UNUSED_FUNCTION = YES;
				GCC_WARN_UNUSED_VARIABLE = YES;
				IPHONEOS_DEPLOYMENT_TARGET = 14.0;
				MTL_ENABLE_DEBUG_INFO = NO;
				MTL_FAST_MATH = YES;
				PRODUCT_BUNDLE_IDENTIFIER = "com.lcr.odysseia${BUNDLE_ID_SUFFIX}";
				SDKROOT = iphoneos;
				SWIFT_COMPILATION_MODE = wholemodule;
				SWIFT_OPTIMIZATION_LEVEL = "-O";
				VALIDATE_PRODUCT = YES;
			};
			name = Release;
		};
		2997607C253D96A200CDD568 /* Debug */ = {
			isa = XCBuildConfiguration;
			buildSettings = {
				ASSETCATALOG_COMPILER_APPICON_NAME = AppIcon;
				ASSETCATALOG_COMPILER_GLOBAL_ACCENT_COLOR_NAME = AccentColor;
				CODE_SIGN_ENTITLEMENTS = Odysseia/Odysseia.entitlements;
				CODE_SIGN_STYLE = Automatic;
				DEVELOPMENT_TEAM = UUF7376KJL;
				INFOPLIST_FILE = Odysseia/Info.plist;
				LD_RUNPATH_SEARCH_PATHS = (
					"$(inherited)",
					"@executable_path/Frameworks",
				);
				PRODUCT_BUNDLE_IDENTIFIER = com.lcr.Odysseia;
				PRODUCT_NAME = "$(TARGET_NAME)";
				SWIFT_VERSION = 5.0;
				TARGETED_DEVICE_FAMILY = "1,2";
			};
			name = Debug;
		};
		2997607D253D96A200CDD568 /* Release */ = {
			isa = XCBuildConfiguration;
			buildSettings = {
				ASSETCATALOG_COMPILER_APPICON_NAME = AppIcon;
				ASSETCATALOG_COMPILER_GLOBAL_ACCENT_COLOR_NAME = AccentColor;
				CODE_SIGN_ENTITLEMENTS = Odysseia/Odysseia.entitlements;
				CODE_SIGN_STYLE = Automatic;
				DEVELOPMENT_TEAM = UUF7376KJL;
				INFOPLIST_FILE = Odysseia/Info.plist;
				LD_RUNPATH_SEARCH_PATHS = (
					"$(inherited)",
					"@executable_path/Frameworks",
				);
				PRODUCT_BUNDLE_IDENTIFIER = com.lcr.Odysseia;
				PRODUCT_NAME = "$(TARGET_NAME)";
				SWIFT_VERSION = 5.0;
				TARGETED_DEVICE_FAMILY = "1,2";
			};
			name = Release;
		};
		2997607F253D96A200CDD568 /* Debug */ = {
			isa = XCBuildConfiguration;
			buildSettings = {
				ALWAYS_EMBED_SWIFT_STANDARD_LIBRARIES = YES;
				BUNDLE_LOADER = "$(TEST_HOST)";
				CODE_SIGN_STYLE = Automatic;
				DEVELOPMENT_TEAM = UUF7376KJL;
				INFOPLIST_FILE = OdysseiaTests/Info.plist;
				IPHONEOS_DEPLOYMENT_TARGET = 14.0;
				LD_RUNPATH_SEARCH_PATHS = (
					"$(inherited)",
					"@executable_path/Frameworks",
					"@loader_path/Frameworks",
				);
				PRODUCT_BUNDLE_IDENTIFIER = com.lcr.OdysseiaTests;
				PRODUCT_NAME = "$(TARGET_NAME)";
				SWIFT_VERSION = 5.0;
				TARGETED_DEVICE_FAMILY = "1,2";
				TEST_HOST = "$(BUILT_PRODUCTS_DIR)/Odysseia.app/Odysseia";
			};
			name = Debug;
		};
		29976080253D96A200CDD568 /* Release */ = {
			isa = XCBuildConfiguration;
			buildSettings = {
				ALWAYS_EMBED_SWIFT_STANDARD_LIBRARIES = YES;
				BUNDLE_LOADER = "$(TEST_HOST)";
				CODE_SIGN_STYLE = Automatic;
				DEVELOPMENT_TEAM = UUF7376KJL;
				INFOPLIST_FILE = OdysseiaTests/Info.plist;
				IPHONEOS_DEPLOYMENT_TARGET = 14.0;
				LD_RUNPATH_SEARCH_PATHS = (
					"$(inherited)",
					"@executable_path/Frameworks",
					"@loader_path/Frameworks",
				);
				PRODUCT_BUNDLE_IDENTIFIER = com.lcr.OdysseiaTests;
				PRODUCT_NAME = "$(TARGET_NAME)";
				SWIFT_VERSION = 5.0;
				TARGETED_DEVICE_FAMILY = "1,2";
				TEST_HOST = "$(BUILT_PRODUCTS_DIR)/Odysseia.app/Odysseia";
			};
			name = Release;
		};
		29976082253D96A200CDD568 /* Debug */ = {
			isa = XCBuildConfiguration;
			buildSettings = {
				ALWAYS_EMBED_SWIFT_STANDARD_LIBRARIES = YES;
				CODE_SIGN_STYLE = Automatic;
				DEVELOPMENT_TEAM = UUF7376KJL;
				INFOPLIST_FILE = OdysseiaUITests/Info.plist;
				LD_RUNPATH_SEARCH_PATHS = (
					"$(inherited)",
					"@executable_path/Frameworks",
					"@loader_path/Frameworks",
				);
				PRODUCT_BUNDLE_IDENTIFIER = com.lcr.OdysseiaUITests;
				PRODUCT_NAME = "$(TARGET_NAME)";
				SWIFT_VERSION = 5.0;
				TARGETED_DEVICE_FAMILY = "1,2";
				TEST_TARGET_NAME = Goal;
			};
			name = Debug;
		};
		29976083253D96A200CDD568 /* Release */ = {
			isa = XCBuildConfiguration;
			buildSettings = {
				ALWAYS_EMBED_SWIFT_STANDARD_LIBRARIES = YES;
				CODE_SIGN_STYLE = Automatic;
				DEVELOPMENT_TEAM = UUF7376KJL;
				INFOPLIST_FILE = OdysseiaUITests/Info.plist;
				LD_RUNPATH_SEARCH_PATHS = (
					"$(inherited)",
					"@executable_path/Frameworks",
					"@loader_path/Frameworks",
				);
				PRODUCT_BUNDLE_IDENTIFIER = com.lcr.OdysseiaUITests;
				PRODUCT_NAME = "$(TARGET_NAME)";
				SWIFT_VERSION = 5.0;
				TARGETED_DEVICE_FAMILY = "1,2";
				TEST_TARGET_NAME = Goal;
			};
			name = Release;
		};
/* End XCBuildConfiguration section */

/* Begin XCConfigurationList section */
		29976049253D96A000CDD568 /* Build configuration list for PBXProject "Odysseia" */ = {
			isa = XCConfigurationList;
			buildConfigurations = (
				29976079253D96A200CDD568 /* Debug */,
				2997607A253D96A200CDD568 /* Release */,
				29248095255C1AAF003D09CB /* AdHoc */,
			);
			defaultConfigurationIsVisible = 0;
			defaultConfigurationName = Release;
		};
		2997607B253D96A200CDD568 /* Build configuration list for PBXNativeTarget "Odysseia" */ = {
			isa = XCConfigurationList;
			buildConfigurations = (
				2997607C253D96A200CDD568 /* Debug */,
				2997607D253D96A200CDD568 /* Release */,
				29248096255C1AAF003D09CB /* AdHoc */,
			);
			defaultConfigurationIsVisible = 0;
			defaultConfigurationName = Release;
		};
		2997607E253D96A200CDD568 /* Build configuration list for PBXNativeTarget "OdysseiaTests" */ = {
			isa = XCConfigurationList;
			buildConfigurations = (
				2997607F253D96A200CDD568 /* Debug */,
				29976080253D96A200CDD568 /* Release */,
				29248097255C1AAF003D09CB /* AdHoc */,
			);
			defaultConfigurationIsVisible = 0;
			defaultConfigurationName = Release;
		};
		29976081253D96A200CDD568 /* Build configuration list for PBXNativeTarget "OdysseiaUITests" */ = {
			isa = XCConfigurationList;
			buildConfigurations = (
				29976082253D96A200CDD568 /* Debug */,
				29976083253D96A200CDD568 /* Release */,
				29248098255C1AAF003D09CB /* AdHoc */,
			);
			defaultConfigurationIsVisible = 0;
			defaultConfigurationName = Release;
		};
/* End XCConfigurationList section */

/* Begin XCRemoteSwiftPackageReference section */
		298337D62542AAC7001CB8D9 /* XCRemoteSwiftPackageReference "HGCircularSlider" */ = {
			isa = XCRemoteSwiftPackageReference;
			repositoryURL = "https://github.com/HamzaGhazouani/HGCircularSlider";
			requirement = {
				branch = master;
				kind = branch;
			};
		};
/* End XCRemoteSwiftPackageReference section */

/* Begin XCSwiftPackageProductDependency section */
		298337D72542AAC7001CB8D9 /* HGCircularSlider */ = {
			isa = XCSwiftPackageProductDependency;
			package = 298337D62542AAC7001CB8D9 /* XCRemoteSwiftPackageReference "HGCircularSlider" */;
			productName = HGCircularSlider;
		};
/* End XCSwiftPackageProductDependency section */

/* Begin XCVersionGroup section */
		29B13477253D97E800C273F1 /* Goal.xcdatamodeld */ = {
			isa = XCVersionGroup;
			children = (
				29B13478253D97E800C273F1 /* Goal.xcdatamodel */,
			);
			currentVersion = 29B13478253D97E800C273F1 /* Goal.xcdatamodel */;
			path = Goal.xcdatamodeld;
			sourceTree = "<group>";
			versionGroupType = wrapper.xcdatamodel;
		};
/* End XCVersionGroup section */
	};
	rootObject = 29976046253D96A000CDD568 /* Project object */;
}
